// !$*UTF8*$!
{
	archiveVersion = 1;
	classes = {
	};
	objectVersion = 50;
	objects = {

/* Begin PBXBuildFile section */
		0902409D21969F4C0003D686 /* Community.storyboard in Resources */ = {isa = PBXBuildFile; fileRef = 0902409C21969F4C0003D686 /* Community.storyboard */; };
		0902409F21969F600003D686 /* Photography.storyboard in Resources */ = {isa = PBXBuildFile; fileRef = 0902409E21969F600003D686 /* Photography.storyboard */; };
		090240A121969F6E0003D686 /* MyAlbum.storyboard in Resources */ = {isa = PBXBuildFile; fileRef = 090240A021969F6E0003D686 /* MyAlbum.storyboard */; };
		090240A3219726420003D686 /* Login.storyboard in Resources */ = {isa = PBXBuildFile; fileRef = 090240A2219726420003D686 /* Login.storyboard */; };
		09BC50B621B561A2006B4277 /* MIAlbumRequest.m in Sources */ = {isa = PBXBuildFile; fileRef = 09BC50B521B561A2006B4277 /* MIAlbumRequest.m */; };
		09BC50B921B56246006B4277 /* MIModelMapper.m in Sources */ = {isa = PBXBuildFile; fileRef = 09BC50B721B56246006B4277 /* MIModelMapper.m */; };
		09BC50BE21B57823006B4277 /* UICollectionViewLeftAlignedLayout.m in Sources */ = {isa = PBXBuildFile; fileRef = 09BC50BD21B57823006B4277 /* UICollectionViewLeftAlignedLayout.m */; };
		09BC50C121B65429006B4277 /* NSString+MITextSize.m in Sources */ = {isa = PBXBuildFile; fileRef = 09BC50C021B65429006B4277 /* NSString+MITextSize.m */; };
		09BC50C721BE9BB3006B4277 /* MICommunityVideoInfo.m in Sources */ = {isa = PBXBuildFile; fileRef = 09BC50C621BE9BB3006B4277 /* MICommunityVideoInfo.m */; };
		20DC8A5C601B9DBA6E4BC4E1 /* libPods-MicroInsight.a in Frameworks */ = {isa = PBXBuildFile; fileRef = 54F2597ADBF8F4BC4200A0B9 /* libPods-MicroInsight.a */; };
		3B19C3FB21A504F4001027E9 /* MIThemeCell.m in Sources */ = {isa = PBXBuildFile; fileRef = 3B19C3FA21A504F4001027E9 /* MIThemeCell.m */; };
		3B5FDB8921A2A38500DDCD1E /* MILoginViewController.m in Sources */ = {isa = PBXBuildFile; fileRef = 3B5FDB8821A2A38500DDCD1E /* MILoginViewController.m */; };
		3B5FDB8C21A2C4BB00DDCD1E /* MICommunityViewController.m in Sources */ = {isa = PBXBuildFile; fileRef = 3B5FDB8B21A2C4BB00DDCD1E /* MICommunityViewController.m */; };
		3B5FDB9021A2C58700DDCD1E /* MICommunityCell.m in Sources */ = {isa = PBXBuildFile; fileRef = 3B5FDB8F21A2C58700DDCD1E /* MICommunityCell.m */; };
		3B6D661B21AE3AA8005CAE9A /* MIHTTPSessionManager.m in Sources */ = {isa = PBXBuildFile; fileRef = 3B6D661321AE3AA8005CAE9A /* MIHTTPSessionManager.m */; };
		3B6D661C21AE3AA8005CAE9A /* MINetworkConstant.m in Sources */ = {isa = PBXBuildFile; fileRef = 3B6D661621AE3AA8005CAE9A /* MINetworkConstant.m */; };
		3B6D661D21AE3AA8005CAE9A /* MIBaseRequest.m in Sources */ = {isa = PBXBuildFile; fileRef = 3B6D661721AE3AA8005CAE9A /* MIBaseRequest.m */; };
		3B6D661E21AE3AA8005CAE9A /* MIHTTPResponseSerializer.m in Sources */ = {isa = PBXBuildFile; fileRef = 3B6D661821AE3AA8005CAE9A /* MIHTTPResponseSerializer.m */; };
		3B6D662221AEBB1F005CAE9A /* MIAlbum.m in Sources */ = {isa = PBXBuildFile; fileRef = 3B6D662121AEBB1F005CAE9A /* MIAlbum.m */; };
		3B7464CF21B901F1007F3820 /* MIUploadVidoInfo.m in Sources */ = {isa = PBXBuildFile; fileRef = 3B7464CE21B901F1007F3820 /* MIUploadVidoInfo.m */; };
		3B7464D021B90996007F3820 /* MITheme.m in Sources */ = {isa = PBXBuildFile; fileRef = 09BC50C321B81FC7006B4277 /* MITheme.m */; };
		3B76AE2F21B8C4F50021F9E9 /* MIDataConvertion.m in Sources */ = {isa = PBXBuildFile; fileRef = 3B76AE2E21B8C4F50021F9E9 /* MIDataConvertion.m */; };
		3B7973F221A3EB5C0087EE48 /* MIMyAlbumViewController.m in Sources */ = {isa = PBXBuildFile; fileRef = 3B7973F121A3EB5C0087EE48 /* MIMyAlbumViewController.m */; };
		3B7973F521A3EE510087EE48 /* MIUploadViewController.m in Sources */ = {isa = PBXBuildFile; fileRef = 3B7973F421A3EE510087EE48 /* MIUploadViewController.m */; };
		3B7973F921A415540087EE48 /* MIAlbumCell.m in Sources */ = {isa = PBXBuildFile; fileRef = 3B7973F821A415540087EE48 /* MIAlbumCell.m */; };
		3B830AE521AC084B00EC7746 /* Main.storyboard in Resources */ = {isa = PBXBuildFile; fileRef = 3B830AE421AC084B00EC7746 /* Main.storyboard */; };
		3B9C19A121BE716600E5B544 /* MICommunityRequest.m in Sources */ = {isa = PBXBuildFile; fileRef = 3B9C19A021BE716600E5B544 /* MICommunityRequest.m */; };
		3BB45A7A21C118E700196914 /* MIPlayerViewController.m in Sources */ = {isa = PBXBuildFile; fileRef = 3BB45A7921C118E700196914 /* MIPlayerViewController.m */; };
		700A64F521D22071003F0430 /* MISlider.m in Sources */ = {isa = PBXBuildFile; fileRef = 700A64EF21D22070003F0430 /* MISlider.m */; };
		700A64F621D22071003F0430 /* MIControlView.m in Sources */ = {isa = PBXBuildFile; fileRef = 700A64F221D22070003F0430 /* MIControlView.m */; };
		700A64F721D22071003F0430 /* MIPlayer.m in Sources */ = {isa = PBXBuildFile; fileRef = 700A64F421D22071003F0430 /* MIPlayer.m */; };
		700F01C621B5447700D0D3EA /* MIRequestManager.m in Sources */ = {isa = PBXBuildFile; fileRef = 700F01C521B5447700D0D3EA /* MIRequestManager.m */; };
		700F01C921B5496400D0D3EA /* MILocalData.m in Sources */ = {isa = PBXBuildFile; fileRef = 700F01C821B5496400D0D3EA /* MILocalData.m */; };
		7010352021D5111E008DBF3C /* img_community_3.jpg in Resources */ = {isa = PBXBuildFile; fileRef = 7010351B21D5111E008DBF3C /* img_community_3.jpg */; };
		7010352121D5111E008DBF3C /* img_community_1.jpg in Resources */ = {isa = PBXBuildFile; fileRef = 7010351C21D5111E008DBF3C /* img_community_1.jpg */; };
		7010352221D5111E008DBF3C /* img_community_4.jpg in Resources */ = {isa = PBXBuildFile; fileRef = 7010351D21D5111E008DBF3C /* img_community_4.jpg */; };
		7010352321D5111E008DBF3C /* img_community_2.jpg in Resources */ = {isa = PBXBuildFile; fileRef = 7010351E21D5111E008DBF3C /* img_community_2.jpg */; };
		7010352421D5111E008DBF3C /* img_community_0.jpg in Resources */ = {isa = PBXBuildFile; fileRef = 7010351F21D5111E008DBF3C /* img_community_0.jpg */; };
		7010352721D51196008DBF3C /* UICustomCarouselView.m in Sources */ = {isa = PBXBuildFile; fileRef = 7010352521D51196008DBF3C /* UICustomCarouselView.m */; };
		702641AD20F6F15100B21AFC /* MIHelpTool.m in Sources */ = {isa = PBXBuildFile; fileRef = 702641AA20F6F15100B21AFC /* MIHelpTool.m */; };
		702641AE20F6F15100B21AFC /* MIUIFactory.m in Sources */ = {isa = PBXBuildFile; fileRef = 702641AB20F6F15100B21AFC /* MIUIFactory.m */; };
		702641AF20F6F15100B21AFC /* MIToastAlertView.m in Sources */ = {isa = PBXBuildFile; fileRef = 702641AC20F6F15100B21AFC /* MIToastAlertView.m */; };
		70294780212D5E6700B3732A /* MIReviewImageCell.m in Sources */ = {isa = PBXBuildFile; fileRef = 7029477F212D5E6700B3732A /* MIReviewImageCell.m */; };
		70294783212D5F8A00B3732A /* MIReviewImageViewController.m in Sources */ = {isa = PBXBuildFile; fileRef = 70294782212D5F8A00B3732A /* MIReviewImageViewController.m */; };
		70294787212D626D00B3732A /* MIBaseViewController.m in Sources */ = {isa = PBXBuildFile; fileRef = 70294786212D626D00B3732A /* MIBaseViewController.m */; };
		70294789212D63BC00B3732A /* MIReviewVideoViewController.m in Sources */ = {isa = PBXBuildFile; fileRef = 70294788212D63BC00B3732A /* MIReviewVideoViewController.m */; };
		706A6E1920F6F7390097C577 /* MIMotionManager.m in Sources */ = {isa = PBXBuildFile; fileRef = 706A6E1720F6F7390097C577 /* MIMotionManager.m */; };
		706A6E1D20F6F9180097C577 /* UIView+CCAdditions.m in Sources */ = {isa = PBXBuildFile; fileRef = 706A6E1C20F6F9180097C577 /* UIView+CCAdditions.m */; };
		706A6E2120F6FA7A0097C577 /* MIVideoPreview.m in Sources */ = {isa = PBXBuildFile; fileRef = 706A6E2020F6FA7A0097C577 /* MIVideoPreview.m */; };
		706A6E2420F6FB530097C577 /* MICameraView.m in Sources */ = {isa = PBXBuildFile; fileRef = 706A6E2320F6FB530097C577 /* MICameraView.m */; };
		70710C5E20F476A300052929 /* AppDelegate.m in Sources */ = {isa = PBXBuildFile; fileRef = 70710C5D20F476A300052929 /* AppDelegate.m */; };
		70710C6120F476A300052929 /* MIPhotographyViewController.m in Sources */ = {isa = PBXBuildFile; fileRef = 70710C6020F476A300052929 /* MIPhotographyViewController.m */; };
		70710C6620F476A400052929 /* Assets.xcassets in Resources */ = {isa = PBXBuildFile; fileRef = 70710C6520F476A400052929 /* Assets.xcassets */; };
		70710C6920F476A400052929 /* LaunchScreen.storyboard in Resources */ = {isa = PBXBuildFile; fileRef = 70710C6720F476A400052929 /* LaunchScreen.storyboard */; };
		70710C6C20F476A400052929 /* main.m in Sources */ = {isa = PBXBuildFile; fileRef = 70710C6B20F476A400052929 /* main.m */; };
		70710C7620F476A500052929 /* MicroInsightTests.m in Sources */ = {isa = PBXBuildFile; fileRef = 70710C7520F476A500052929 /* MicroInsightTests.m */; };
		70710C8120F476A500052929 /* MicroInsightUITests.m in Sources */ = {isa = PBXBuildFile; fileRef = 70710C8020F476A500052929 /* MicroInsightUITests.m */; };
		70710CAE20F4917E00052929 /* MIHorizontalPickerViewCell.m in Sources */ = {isa = PBXBuildFile; fileRef = 70710CA920F4917E00052929 /* MIHorizontalPickerViewCell.m */; };
		70710CAF20F4917E00052929 /* MIHorizontalPickerViewCellItem.m in Sources */ = {isa = PBXBuildFile; fileRef = 70710CAB20F4917E00052929 /* MIHorizontalPickerViewCellItem.m */; };
		70710CB020F4917E00052929 /* MIHorizontalPickerView.m in Sources */ = {isa = PBXBuildFile; fileRef = 70710CAD20F4917E00052929 /* MIHorizontalPickerView.m */; };
		707A5BC9212E390E002D61BC /* UIButton+Extension.m in Sources */ = {isa = PBXBuildFile; fileRef = 707A5BC8212E390E002D61BC /* UIButton+Extension.m */; };
		707A5BD0212EAA02002D61BC /* UIFont+Extension.m in Sources */ = {isa = PBXBuildFile; fileRef = 707A5BCF212EAA02002D61BC /* UIFont+Extension.m */; };
		707A5BD2212EAA90002D61BC /* font.ttf in Resources */ = {isa = PBXBuildFile; fileRef = 707A5BD1212EAA90002D61BC /* font.ttf */; };
		7096B560213784CF003B1D3F /* MICameraFunctionView.m in Sources */ = {isa = PBXBuildFile; fileRef = 7096B55F213784CF003B1D3F /* MICameraFunctionView.m */; };
		70A80994212D7744003ED7D2 /* MIFactorSlider.xib in Resources */ = {isa = PBXBuildFile; fileRef = 70A8098F212D7744003ED7D2 /* MIFactorSlider.xib */; };
		70A80995212D7744003ED7D2 /* OMSliderBar.m in Sources */ = {isa = PBXBuildFile; fileRef = 70A80991212D7744003ED7D2 /* OMSliderBar.m */; };
		70A80996212D7744003ED7D2 /* MIFactorSlider.m in Sources */ = {isa = PBXBuildFile; fileRef = 70A80993212D7744003ED7D2 /* MIFactorSlider.m */; };
		70AFE07121CD1AC7000585D0 /* MIMineViewController.m in Sources */ = {isa = PBXBuildFile; fileRef = 70AFE06E21CD1AC7000585D0 /* MIMineViewController.m */; };
		70AFE07221CD1AC7000585D0 /* MIMineViewController.xib in Resources */ = {isa = PBXBuildFile; fileRef = 70AFE06F21CD1AC7000585D0 /* MIMineViewController.xib */; };
		70AFE07621CD29FD000585D0 /* MIMineEditViewController.m in Sources */ = {isa = PBXBuildFile; fileRef = 70AFE07421CD29FD000585D0 /* MIMineEditViewController.m */; };
		70AFE07721CD29FD000585D0 /* MIMineEditViewController.xib in Resources */ = {isa = PBXBuildFile; fileRef = 70AFE07521CD29FD000585D0 /* MIMineEditViewController.xib */; };
		70AFE07C21CDBD04000585D0 /* MIUserInfoModel.m in Sources */ = {isa = PBXBuildFile; fileRef = 70AFE07B21CDBD04000585D0 /* MIUserInfoModel.m */; };
		70AFE08121CDC0DA000585D0 /* MIDatePickerView.m in Sources */ = {isa = PBXBuildFile; fileRef = 70AFE07E21CDC0D9000585D0 /* MIDatePickerView.m */; };
		70AFE08221CDC0DA000585D0 /* MIDatePickerView.xib in Resources */ = {isa = PBXBuildFile; fileRef = 70AFE07F21CDC0D9000585D0 /* MIDatePickerView.xib */; };
		70AFE08521CDC0FB000585D0 /* NSDate+Extension.m in Sources */ = {isa = PBXBuildFile; fileRef = 70AFE08421CDC0FB000585D0 /* NSDate+Extension.m */; };
		70AFE08821CDC113000585D0 /* UIView+Extension.m in Sources */ = {isa = PBXBuildFile; fileRef = 70AFE08721CDC113000585D0 /* UIView+Extension.m */; };
		70AFE08A21CFBB50000585D0 /* CoreText.framework in Frameworks */ = {isa = PBXBuildFile; fileRef = 70AFE08921CFBB50000585D0 /* CoreText.framework */; };
		70AFE08C21CFBB5A000585D0 /* ImageIO.framework in Frameworks */ = {isa = PBXBuildFile; fileRef = 70AFE08B21CFBB5A000585D0 /* ImageIO.framework */; };
		70AFE08E21CFBB65000585D0 /* QuartzCore.framework in Frameworks */ = {isa = PBXBuildFile; fileRef = 70AFE08D21CFBB65000585D0 /* QuartzCore.framework */; };
		70AFE09021CFBB77000585D0 /* libc++.tbd in Frameworks */ = {isa = PBXBuildFile; fileRef = 70AFE08F21CFBB76000585D0 /* libc++.tbd */; };
		70AFE09221CFBB80000585D0 /* libz.tbd in Frameworks */ = {isa = PBXBuildFile; fileRef = 70AFE09121CFBB80000585D0 /* libz.tbd */; };
		70AFE09421CFBBB1000585D0 /* CoreTelephony.framework in Frameworks */ = {isa = PBXBuildFile; fileRef = 70AFE09321CFBBB1000585D0 /* CoreTelephony.framework */; };
		70AFE09621CFBBBF000585D0 /* libsqlite3.tbd in Frameworks */ = {isa = PBXBuildFile; fileRef = 70AFE09521CFBBBE000585D0 /* libsqlite3.tbd */; };
		70AFE09821CFBBCA000585D0 /* CoreGraphics.framework in Frameworks */ = {isa = PBXBuildFile; fileRef = 70AFE09721CFBBCA000585D0 /* CoreGraphics.framework */; };
		70AFE09A21CFBBD9000585D0 /* SystemConfiguration.framework in Frameworks */ = {isa = PBXBuildFile; fileRef = 70AFE09921CFBBD9000585D0 /* SystemConfiguration.framework */; };
		70AFE09C21CFBBE7000585D0 /* libiconv.tbd in Frameworks */ = {isa = PBXBuildFile; fileRef = 70AFE09B21CFBBE6000585D0 /* libiconv.tbd */; };
		70AFE09E21CFBBF0000585D0 /* Security.framework in Frameworks */ = {isa = PBXBuildFile; fileRef = 70AFE09D21CFBBF0000585D0 /* Security.framework */; };
		70AFE0B721CFBD45000585D0 /* README.txt in Resources */ = {isa = PBXBuildFile; fileRef = 70AFE0A321CFBD45000585D0 /* README.txt */; };
		70AFE0B821CFBD45000585D0 /* libWeChatSDK.a in Frameworks */ = {isa = PBXBuildFile; fileRef = 70AFE0A521CFBD45000585D0 /* libWeChatSDK.a */; };
		70AFE0B921CFBD45000585D0 /* WeiboSDK.bundle in Resources */ = {isa = PBXBuildFile; fileRef = 70AFE0A921CFBD45000585D0 /* WeiboSDK.bundle */; };
		70AFE0BA21CFBD45000585D0 /* libWeiboSDK.a in Frameworks */ = {isa = PBXBuildFile; fileRef = 70AFE0AC21CFBD45000585D0 /* libWeiboSDK.a */; };
		70AFE0BB21CFBD45000585D0 /* TencentOpenApi_IOS_Bundle.bundle in Resources */ = {isa = PBXBuildFile; fileRef = 70AFE0B521CFBD45000585D0 /* TencentOpenApi_IOS_Bundle.bundle */; };
		70AFE0BC21CFBD45000585D0 /* TencentOpenAPI.framework in Frameworks */ = {isa = PBXBuildFile; fileRef = 70AFE0B621CFBD45000585D0 /* TencentOpenAPI.framework */; };
		70AFE0BF21CFBE06000585D0 /* MIThirdPartyLoginManager.m in Sources */ = {isa = PBXBuildFile; fileRef = 70AFE0BE21CFBE06000585D0 /* MIThirdPartyLoginManager.m */; };
		70B509EC21B754B300BBB2A9 /* MIDetailViewController.m in Sources */ = {isa = PBXBuildFile; fileRef = 70B509EA21B754B300BBB2A9 /* MIDetailViewController.m */; };
		70B509ED21B754B300BBB2A9 /* MIDetailViewController.xib in Resources */ = {isa = PBXBuildFile; fileRef = 70B509EB21B754B300BBB2A9 /* MIDetailViewController.xib */; };
		70B509F121B7593500BBB2A9 /* MICommentCell.m in Sources */ = {isa = PBXBuildFile; fileRef = 70B509EF21B7593500BBB2A9 /* MICommentCell.m */; };
		70B509F221B7593500BBB2A9 /* MICommentCell.xib in Resources */ = {isa = PBXBuildFile; fileRef = 70B509F021B7593500BBB2A9 /* MICommentCell.xib */; };
		70B50A0A21B7E7D900BBB2A9 /* MICommunityCollectionLayout.m in Sources */ = {isa = PBXBuildFile; fileRef = 70B50A0921B7E7D900BBB2A9 /* MICommunityCollectionLayout.m */; };
		70B50A0D21B7FFA600BBB2A9 /* MIBaseModel.m in Sources */ = {isa = PBXBuildFile; fileRef = 70B50A0C21B7FFA600BBB2A9 /* MIBaseModel.m */; };
		70C4318B21B604C4001D56C4 /* MIHomeViewController.m in Sources */ = {isa = PBXBuildFile; fileRef = 70C4318921B604C4001D56C4 /* MIHomeViewController.m */; };
		70C4318E21B61044001D56C4 /* MIAlertView.m in Sources */ = {isa = PBXBuildFile; fileRef = 70C4318D21B61044001D56C4 /* MIAlertView.m */; };
		70C4319221B620FC001D56C4 /* MICommunityListModel.m in Sources */ = {isa = PBXBuildFile; fileRef = 70C4319121B620FC001D56C4 /* MICommunityListModel.m */; };
		70CC791021B6C55300C657FA /* MICommunityCell.xib in Resources */ = {isa = PBXBuildFile; fileRef = 70CC790F21B6C55300C657FA /* MICommunityCell.xib */; };
		70D277DF21BCF87B007FEA63 /* MBProgressHUD.m in Sources */ = {isa = PBXBuildFile; fileRef = 70D277DB21BCF87B007FEA63 /* MBProgressHUD.m */; };
		70D277E021BCF87B007FEA63 /* LICENSE in Resources */ = {isa = PBXBuildFile; fileRef = 70D277DC21BCF87B007FEA63 /* LICENSE */; };
		70D277E121BCF87B007FEA63 /* README.mdown in Resources */ = {isa = PBXBuildFile; fileRef = 70D277DE21BCF87B007FEA63 /* README.mdown */; };
		70D277E421BCF88A007FEA63 /* MBProgressHUD+MJ.m in Sources */ = {isa = PBXBuildFile; fileRef = 70D277E321BCF88A007FEA63 /* MBProgressHUD+MJ.m */; };
		70E5A37821D8ADBE00DB99CC /* QSTilePreviewView.m in Sources */ = {isa = PBXBuildFile; fileRef = 70E5A37721D8ADBE00DB99CC /* QSTilePreviewView.m */; };
/* End PBXBuildFile section */

/* Begin PBXContainerItemProxy section */
		70710C7220F476A500052929 /* PBXContainerItemProxy */ = {
			isa = PBXContainerItemProxy;
			containerPortal = 70710C5120F476A300052929 /* Project object */;
			proxyType = 1;
			remoteGlobalIDString = 70710C5820F476A300052929;
			remoteInfo = MicroInsight;
		};
		70710C7D20F476A500052929 /* PBXContainerItemProxy */ = {
			isa = PBXContainerItemProxy;
			containerPortal = 70710C5120F476A300052929 /* Project object */;
			proxyType = 1;
			remoteGlobalIDString = 70710C5820F476A300052929;
			remoteInfo = MicroInsight;
		};
/* End PBXContainerItemProxy section */

/* Begin PBXFileReference section */
		0902409C21969F4C0003D686 /* Community.storyboard */ = {isa = PBXFileReference; lastKnownFileType = file.storyboard; path = Community.storyboard; sourceTree = "<group>"; };
		0902409E21969F600003D686 /* Photography.storyboard */ = {isa = PBXFileReference; lastKnownFileType = file.storyboard; path = Photography.storyboard; sourceTree = "<group>"; };
		090240A021969F6E0003D686 /* MyAlbum.storyboard */ = {isa = PBXFileReference; lastKnownFileType = file.storyboard; path = MyAlbum.storyboard; sourceTree = "<group>"; };
		090240A2219726420003D686 /* Login.storyboard */ = {isa = PBXFileReference; lastKnownFileType = file.storyboard; path = Login.storyboard; sourceTree = "<group>"; };
		09BC50B421B561A2006B4277 /* MIAlbumRequest.h */ = {isa = PBXFileReference; lastKnownFileType = sourcecode.c.h; path = MIAlbumRequest.h; sourceTree = "<group>"; };
		09BC50B521B561A2006B4277 /* MIAlbumRequest.m */ = {isa = PBXFileReference; lastKnownFileType = sourcecode.c.objc; path = MIAlbumRequest.m; sourceTree = "<group>"; };
		09BC50B721B56246006B4277 /* MIModelMapper.m */ = {isa = PBXFileReference; fileEncoding = 4; lastKnownFileType = sourcecode.c.objc; path = MIModelMapper.m; sourceTree = "<group>"; };
		09BC50B821B56246006B4277 /* MIModelMapper.h */ = {isa = PBXFileReference; fileEncoding = 4; lastKnownFileType = sourcecode.c.h; path = MIModelMapper.h; sourceTree = "<group>"; };
		09BC50BC21B57823006B4277 /* UICollectionViewLeftAlignedLayout.h */ = {isa = PBXFileReference; fileEncoding = 4; lastKnownFileType = sourcecode.c.h; path = UICollectionViewLeftAlignedLayout.h; sourceTree = "<group>"; };
		09BC50BD21B57823006B4277 /* UICollectionViewLeftAlignedLayout.m */ = {isa = PBXFileReference; fileEncoding = 4; lastKnownFileType = sourcecode.c.objc; path = UICollectionViewLeftAlignedLayout.m; sourceTree = "<group>"; };
		09BC50BF21B65429006B4277 /* NSString+MITextSize.h */ = {isa = PBXFileReference; lastKnownFileType = sourcecode.c.h; path = "NSString+MITextSize.h"; sourceTree = "<group>"; };
		09BC50C021B65429006B4277 /* NSString+MITextSize.m */ = {isa = PBXFileReference; lastKnownFileType = sourcecode.c.objc; path = "NSString+MITextSize.m"; sourceTree = "<group>"; };
		09BC50C221B81FC7006B4277 /* MITheme.h */ = {isa = PBXFileReference; lastKnownFileType = sourcecode.c.h; path = MITheme.h; sourceTree = "<group>"; };
		09BC50C321B81FC7006B4277 /* MITheme.m */ = {isa = PBXFileReference; lastKnownFileType = sourcecode.c.objc; path = MITheme.m; sourceTree = "<group>"; };
		09BC50C521BE9BB3006B4277 /* MICommunityVideoInfo.h */ = {isa = PBXFileReference; lastKnownFileType = sourcecode.c.h; path = MICommunityVideoInfo.h; sourceTree = "<group>"; };
		09BC50C621BE9BB3006B4277 /* MICommunityVideoInfo.m */ = {isa = PBXFileReference; lastKnownFileType = sourcecode.c.objc; path = MICommunityVideoInfo.m; sourceTree = "<group>"; };
		3B19C3F921A504F4001027E9 /* MIThemeCell.h */ = {isa = PBXFileReference; lastKnownFileType = sourcecode.c.h; path = MIThemeCell.h; sourceTree = "<group>"; };
		3B19C3FA21A504F4001027E9 /* MIThemeCell.m */ = {isa = PBXFileReference; lastKnownFileType = sourcecode.c.objc; path = MIThemeCell.m; sourceTree = "<group>"; };
		3B5FDB8721A2A38500DDCD1E /* MILoginViewController.h */ = {isa = PBXFileReference; lastKnownFileType = sourcecode.c.h; path = MILoginViewController.h; sourceTree = "<group>"; };
		3B5FDB8821A2A38500DDCD1E /* MILoginViewController.m */ = {isa = PBXFileReference; lastKnownFileType = sourcecode.c.objc; path = MILoginViewController.m; sourceTree = "<group>"; };
		3B5FDB8A21A2C4BB00DDCD1E /* MICommunityViewController.h */ = {isa = PBXFileReference; lastKnownFileType = sourcecode.c.h; path = MICommunityViewController.h; sourceTree = "<group>"; };
		3B5FDB8B21A2C4BB00DDCD1E /* MICommunityViewController.m */ = {isa = PBXFileReference; lastKnownFileType = sourcecode.c.objc; path = MICommunityViewController.m; sourceTree = "<group>"; };
		3B5FDB8E21A2C58700DDCD1E /* MICommunityCell.h */ = {isa = PBXFileReference; lastKnownFileType = sourcecode.c.h; path = MICommunityCell.h; sourceTree = "<group>"; };
		3B5FDB8F21A2C58700DDCD1E /* MICommunityCell.m */ = {isa = PBXFileReference; lastKnownFileType = sourcecode.c.objc; path = MICommunityCell.m; sourceTree = "<group>"; };
		3B6D661321AE3AA8005CAE9A /* MIHTTPSessionManager.m */ = {isa = PBXFileReference; fileEncoding = 4; lastKnownFileType = sourcecode.c.objc; path = MIHTTPSessionManager.m; sourceTree = "<group>"; };
		3B6D661421AE3AA8005CAE9A /* MIHTTPResponseSerializer.h */ = {isa = PBXFileReference; fileEncoding = 4; lastKnownFileType = sourcecode.c.h; path = MIHTTPResponseSerializer.h; sourceTree = "<group>"; };
		3B6D661521AE3AA8005CAE9A /* MIBaseRequest.h */ = {isa = PBXFileReference; fileEncoding = 4; lastKnownFileType = sourcecode.c.h; path = MIBaseRequest.h; sourceTree = "<group>"; };
		3B6D661621AE3AA8005CAE9A /* MINetworkConstant.m */ = {isa = PBXFileReference; fileEncoding = 4; lastKnownFileType = sourcecode.c.objc; path = MINetworkConstant.m; sourceTree = "<group>"; };
		3B6D661721AE3AA8005CAE9A /* MIBaseRequest.m */ = {isa = PBXFileReference; fileEncoding = 4; lastKnownFileType = sourcecode.c.objc; path = MIBaseRequest.m; sourceTree = "<group>"; };
		3B6D661821AE3AA8005CAE9A /* MIHTTPResponseSerializer.m */ = {isa = PBXFileReference; fileEncoding = 4; lastKnownFileType = sourcecode.c.objc; path = MIHTTPResponseSerializer.m; sourceTree = "<group>"; };
		3B6D661921AE3AA8005CAE9A /* MIHTTPSessionManager.h */ = {isa = PBXFileReference; fileEncoding = 4; lastKnownFileType = sourcecode.c.h; path = MIHTTPSessionManager.h; sourceTree = "<group>"; };
		3B6D661A21AE3AA8005CAE9A /* MINetworkConstant.h */ = {isa = PBXFileReference; fileEncoding = 4; lastKnownFileType = sourcecode.c.h; path = MINetworkConstant.h; sourceTree = "<group>"; };
		3B6D662021AEBB1F005CAE9A /* MIAlbum.h */ = {isa = PBXFileReference; lastKnownFileType = sourcecode.c.h; path = MIAlbum.h; sourceTree = "<group>"; };
		3B6D662121AEBB1F005CAE9A /* MIAlbum.m */ = {isa = PBXFileReference; lastKnownFileType = sourcecode.c.objc; path = MIAlbum.m; sourceTree = "<group>"; };
		3B7464CD21B901F1007F3820 /* MIUploadVidoInfo.h */ = {isa = PBXFileReference; lastKnownFileType = sourcecode.c.h; path = MIUploadVidoInfo.h; sourceTree = "<group>"; };
		3B7464CE21B901F1007F3820 /* MIUploadVidoInfo.m */ = {isa = PBXFileReference; lastKnownFileType = sourcecode.c.objc; path = MIUploadVidoInfo.m; sourceTree = "<group>"; };
		3B76AE2D21B8C4F50021F9E9 /* MIDataConvertion.h */ = {isa = PBXFileReference; lastKnownFileType = sourcecode.c.h; path = MIDataConvertion.h; sourceTree = "<group>"; };
		3B76AE2E21B8C4F50021F9E9 /* MIDataConvertion.m */ = {isa = PBXFileReference; lastKnownFileType = sourcecode.c.objc; path = MIDataConvertion.m; sourceTree = "<group>"; };
		3B7973F021A3EB5C0087EE48 /* MIMyAlbumViewController.h */ = {isa = PBXFileReference; lastKnownFileType = sourcecode.c.h; path = MIMyAlbumViewController.h; sourceTree = "<group>"; };
		3B7973F121A3EB5C0087EE48 /* MIMyAlbumViewController.m */ = {isa = PBXFileReference; lastKnownFileType = sourcecode.c.objc; path = MIMyAlbumViewController.m; sourceTree = "<group>"; };
		3B7973F321A3EE510087EE48 /* MIUploadViewController.h */ = {isa = PBXFileReference; lastKnownFileType = sourcecode.c.h; path = MIUploadViewController.h; sourceTree = "<group>"; };
		3B7973F421A3EE510087EE48 /* MIUploadViewController.m */ = {isa = PBXFileReference; lastKnownFileType = sourcecode.c.objc; path = MIUploadViewController.m; sourceTree = "<group>"; };
		3B7973F721A415540087EE48 /* MIAlbumCell.h */ = {isa = PBXFileReference; lastKnownFileType = sourcecode.c.h; path = MIAlbumCell.h; sourceTree = "<group>"; };
		3B7973F821A415540087EE48 /* MIAlbumCell.m */ = {isa = PBXFileReference; lastKnownFileType = sourcecode.c.objc; path = MIAlbumCell.m; sourceTree = "<group>"; };
		3B830AE421AC084B00EC7746 /* Main.storyboard */ = {isa = PBXFileReference; fileEncoding = 4; lastKnownFileType = file.storyboard; path = Main.storyboard; sourceTree = "<group>"; };
		3B9C199F21BE716600E5B544 /* MICommunityRequest.h */ = {isa = PBXFileReference; lastKnownFileType = sourcecode.c.h; path = MICommunityRequest.h; sourceTree = "<group>"; };
		3B9C19A021BE716600E5B544 /* MICommunityRequest.m */ = {isa = PBXFileReference; lastKnownFileType = sourcecode.c.objc; path = MICommunityRequest.m; sourceTree = "<group>"; };
		3BB45A7821C118E700196914 /* MIPlayerViewController.h */ = {isa = PBXFileReference; lastKnownFileType = sourcecode.c.h; path = MIPlayerViewController.h; sourceTree = "<group>"; };
		3BB45A7921C118E700196914 /* MIPlayerViewController.m */ = {isa = PBXFileReference; lastKnownFileType = sourcecode.c.objc; path = MIPlayerViewController.m; sourceTree = "<group>"; };
		54F2597ADBF8F4BC4200A0B9 /* libPods-MicroInsight.a */ = {isa = PBXFileReference; explicitFileType = archive.ar; includeInIndex = 0; path = "libPods-MicroInsight.a"; sourceTree = BUILT_PRODUCTS_DIR; };
		569EC9E96DF1B12DA9274E3A /* Pods-MicroInsight.debug.xcconfig */ = {isa = PBXFileReference; includeInIndex = 1; lastKnownFileType = text.xcconfig; name = "Pods-MicroInsight.debug.xcconfig"; path = "Pods/Target Support Files/Pods-MicroInsight/Pods-MicroInsight.debug.xcconfig"; sourceTree = "<group>"; };
		700A64EF21D22070003F0430 /* MISlider.m */ = {isa = PBXFileReference; fileEncoding = 4; lastKnownFileType = sourcecode.c.objc; path = MISlider.m; sourceTree = "<group>"; };
		700A64F021D22070003F0430 /* MISlider.h */ = {isa = PBXFileReference; fileEncoding = 4; lastKnownFileType = sourcecode.c.h; path = MISlider.h; sourceTree = "<group>"; };
		700A64F121D22070003F0430 /* MIControlView.h */ = {isa = PBXFileReference; fileEncoding = 4; lastKnownFileType = sourcecode.c.h; path = MIControlView.h; sourceTree = "<group>"; };
		700A64F221D22070003F0430 /* MIControlView.m */ = {isa = PBXFileReference; fileEncoding = 4; lastKnownFileType = sourcecode.c.objc; path = MIControlView.m; sourceTree = "<group>"; };
		700A64F321D22070003F0430 /* MIPlayer.h */ = {isa = PBXFileReference; fileEncoding = 4; lastKnownFileType = sourcecode.c.h; path = MIPlayer.h; sourceTree = "<group>"; };
		700A64F421D22071003F0430 /* MIPlayer.m */ = {isa = PBXFileReference; fileEncoding = 4; lastKnownFileType = sourcecode.c.objc; path = MIPlayer.m; sourceTree = "<group>"; };
		700F01C421B5447700D0D3EA /* MIRequestManager.h */ = {isa = PBXFileReference; lastKnownFileType = sourcecode.c.h; path = MIRequestManager.h; sourceTree = "<group>"; };
		700F01C521B5447700D0D3EA /* MIRequestManager.m */ = {isa = PBXFileReference; lastKnownFileType = sourcecode.c.objc; path = MIRequestManager.m; sourceTree = "<group>"; };
		700F01C721B5496400D0D3EA /* MILocalData.h */ = {isa = PBXFileReference; lastKnownFileType = sourcecode.c.h; path = MILocalData.h; sourceTree = "<group>"; };
		700F01C821B5496400D0D3EA /* MILocalData.m */ = {isa = PBXFileReference; lastKnownFileType = sourcecode.c.objc; path = MILocalData.m; sourceTree = "<group>"; };
		7010351B21D5111E008DBF3C /* img_community_3.jpg */ = {isa = PBXFileReference; lastKnownFileType = image.jpeg; path = img_community_3.jpg; sourceTree = "<group>"; };
		7010351C21D5111E008DBF3C /* img_community_1.jpg */ = {isa = PBXFileReference; lastKnownFileType = image.jpeg; path = img_community_1.jpg; sourceTree = "<group>"; };
		7010351D21D5111E008DBF3C /* img_community_4.jpg */ = {isa = PBXFileReference; lastKnownFileType = image.jpeg; path = img_community_4.jpg; sourceTree = "<group>"; };
		7010351E21D5111E008DBF3C /* img_community_2.jpg */ = {isa = PBXFileReference; lastKnownFileType = image.jpeg; path = img_community_2.jpg; sourceTree = "<group>"; };
		7010351F21D5111E008DBF3C /* img_community_0.jpg */ = {isa = PBXFileReference; lastKnownFileType = image.jpeg; path = img_community_0.jpg; sourceTree = "<group>"; };
		7010352521D51196008DBF3C /* UICustomCarouselView.m */ = {isa = PBXFileReference; fileEncoding = 4; lastKnownFileType = sourcecode.c.objc; path = UICustomCarouselView.m; sourceTree = "<group>"; };
		7010352621D51196008DBF3C /* UICustomCarouselView.h */ = {isa = PBXFileReference; fileEncoding = 4; lastKnownFileType = sourcecode.c.h; path = UICustomCarouselView.h; sourceTree = "<group>"; };
		702641A720F6F15100B21AFC /* MIToastAlertView.h */ = {isa = PBXFileReference; fileEncoding = 4; lastKnownFileType = sourcecode.c.h; path = MIToastAlertView.h; sourceTree = "<group>"; };
		702641A820F6F15100B21AFC /* MIUIFactory.h */ = {isa = PBXFileReference; fileEncoding = 4; lastKnownFileType = sourcecode.c.h; path = MIUIFactory.h; sourceTree = "<group>"; };
		702641A920F6F15100B21AFC /* MIHelpTool.h */ = {isa = PBXFileReference; fileEncoding = 4; lastKnownFileType = sourcecode.c.h; path = MIHelpTool.h; sourceTree = "<group>"; };
		702641AA20F6F15100B21AFC /* MIHelpTool.m */ = {isa = PBXFileReference; fileEncoding = 4; lastKnownFileType = sourcecode.c.objc; path = MIHelpTool.m; sourceTree = "<group>"; };
		702641AB20F6F15100B21AFC /* MIUIFactory.m */ = {isa = PBXFileReference; fileEncoding = 4; lastKnownFileType = sourcecode.c.objc; path = MIUIFactory.m; sourceTree = "<group>"; };
		702641AC20F6F15100B21AFC /* MIToastAlertView.m */ = {isa = PBXFileReference; fileEncoding = 4; lastKnownFileType = sourcecode.c.objc; path = MIToastAlertView.m; sourceTree = "<group>"; };
		7029477E212D5E6700B3732A /* MIReviewImageCell.h */ = {isa = PBXFileReference; fileEncoding = 4; lastKnownFileType = sourcecode.c.h; path = MIReviewImageCell.h; sourceTree = "<group>"; };
		7029477F212D5E6700B3732A /* MIReviewImageCell.m */ = {isa = PBXFileReference; fileEncoding = 4; lastKnownFileType = sourcecode.c.objc; path = MIReviewImageCell.m; sourceTree = "<group>"; };
		70294781212D5F8A00B3732A /* MIReviewImageViewController.h */ = {isa = PBXFileReference; lastKnownFileType = sourcecode.c.h; path = MIReviewImageViewController.h; sourceTree = "<group>"; };
		70294782212D5F8A00B3732A /* MIReviewImageViewController.m */ = {isa = PBXFileReference; lastKnownFileType = sourcecode.c.objc; path = MIReviewImageViewController.m; sourceTree = "<group>"; };
		70294785212D626D00B3732A /* MIBaseViewController.h */ = {isa = PBXFileReference; lastKnownFileType = sourcecode.c.h; path = MIBaseViewController.h; sourceTree = "<group>"; };
		70294786212D626D00B3732A /* MIBaseViewController.m */ = {isa = PBXFileReference; lastKnownFileType = sourcecode.c.objc; path = MIBaseViewController.m; sourceTree = "<group>"; };
		70294788212D63BC00B3732A /* MIReviewVideoViewController.m */ = {isa = PBXFileReference; fileEncoding = 4; lastKnownFileType = sourcecode.c.objc; path = MIReviewVideoViewController.m; sourceTree = "<group>"; };
		706A6E1720F6F7390097C577 /* MIMotionManager.m */ = {isa = PBXFileReference; fileEncoding = 4; lastKnownFileType = sourcecode.c.objc; path = MIMotionManager.m; sourceTree = "<group>"; };
		706A6E1820F6F7390097C577 /* MIMotionManager.h */ = {isa = PBXFileReference; fileEncoding = 4; lastKnownFileType = sourcecode.c.h; path = MIMotionManager.h; sourceTree = "<group>"; };
		706A6E1B20F6F9180097C577 /* UIView+CCAdditions.h */ = {isa = PBXFileReference; fileEncoding = 4; lastKnownFileType = sourcecode.c.h; path = "UIView+CCAdditions.h"; sourceTree = "<group>"; };
		706A6E1C20F6F9180097C577 /* UIView+CCAdditions.m */ = {isa = PBXFileReference; fileEncoding = 4; lastKnownFileType = sourcecode.c.objc; path = "UIView+CCAdditions.m"; sourceTree = "<group>"; };
		706A6E1F20F6FA7A0097C577 /* MIVideoPreview.h */ = {isa = PBXFileReference; fileEncoding = 4; lastKnownFileType = sourcecode.c.h; path = MIVideoPreview.h; sourceTree = "<group>"; };
		706A6E2020F6FA7A0097C577 /* MIVideoPreview.m */ = {isa = PBXFileReference; fileEncoding = 4; lastKnownFileType = sourcecode.c.objc; path = MIVideoPreview.m; sourceTree = "<group>"; };
		706A6E2220F6FB530097C577 /* MICameraView.h */ = {isa = PBXFileReference; fileEncoding = 4; lastKnownFileType = sourcecode.c.h; path = MICameraView.h; sourceTree = "<group>"; };
		706A6E2320F6FB530097C577 /* MICameraView.m */ = {isa = PBXFileReference; fileEncoding = 4; lastKnownFileType = sourcecode.c.objc; path = MICameraView.m; sourceTree = "<group>"; };
		70710C5920F476A300052929 /* MicroInsight.app */ = {isa = PBXFileReference; explicitFileType = wrapper.application; includeInIndex = 0; path = MicroInsight.app; sourceTree = BUILT_PRODUCTS_DIR; };
		70710C5C20F476A300052929 /* AppDelegate.h */ = {isa = PBXFileReference; lastKnownFileType = sourcecode.c.h; path = AppDelegate.h; sourceTree = "<group>"; };
		70710C5D20F476A300052929 /* AppDelegate.m */ = {isa = PBXFileReference; lastKnownFileType = sourcecode.c.objc; path = AppDelegate.m; sourceTree = "<group>"; };
		70710C5F20F476A300052929 /* MIPhotographyViewController.h */ = {isa = PBXFileReference; lastKnownFileType = sourcecode.c.h; path = MIPhotographyViewController.h; sourceTree = "<group>"; };
		70710C6020F476A300052929 /* MIPhotographyViewController.m */ = {isa = PBXFileReference; lastKnownFileType = sourcecode.c.objc; path = MIPhotographyViewController.m; sourceTree = "<group>"; };
		70710C6520F476A400052929 /* Assets.xcassets */ = {isa = PBXFileReference; lastKnownFileType = folder.assetcatalog; path = Assets.xcassets; sourceTree = "<group>"; };
		70710C6820F476A400052929 /* Base */ = {isa = PBXFileReference; lastKnownFileType = file.storyboard; name = Base; path = Base.lproj/LaunchScreen.storyboard; sourceTree = "<group>"; };
		70710C6A20F476A400052929 /* Info.plist */ = {isa = PBXFileReference; lastKnownFileType = text.plist.xml; path = Info.plist; sourceTree = "<group>"; };
		70710C6B20F476A400052929 /* main.m */ = {isa = PBXFileReference; lastKnownFileType = sourcecode.c.objc; path = main.m; sourceTree = "<group>"; };
		70710C7120F476A500052929 /* MicroInsightTests.xctest */ = {isa = PBXFileReference; explicitFileType = wrapper.cfbundle; includeInIndex = 0; path = MicroInsightTests.xctest; sourceTree = BUILT_PRODUCTS_DIR; };
		70710C7520F476A500052929 /* MicroInsightTests.m */ = {isa = PBXFileReference; lastKnownFileType = sourcecode.c.objc; path = MicroInsightTests.m; sourceTree = "<group>"; };
		70710C7720F476A500052929 /* Info.plist */ = {isa = PBXFileReference; lastKnownFileType = text.plist.xml; path = Info.plist; sourceTree = "<group>"; };
		70710C7C20F476A500052929 /* MicroInsightUITests.xctest */ = {isa = PBXFileReference; explicitFileType = wrapper.cfbundle; includeInIndex = 0; path = MicroInsightUITests.xctest; sourceTree = BUILT_PRODUCTS_DIR; };
		70710C8020F476A500052929 /* MicroInsightUITests.m */ = {isa = PBXFileReference; lastKnownFileType = sourcecode.c.objc; path = MicroInsightUITests.m; sourceTree = "<group>"; };
		70710C8220F476A500052929 /* Info.plist */ = {isa = PBXFileReference; lastKnownFileType = text.plist.xml; path = Info.plist; sourceTree = "<group>"; };
		70710C9F20F47EE100052929 /* MicroInsight.pch */ = {isa = PBXFileReference; lastKnownFileType = sourcecode.c.h; path = MicroInsight.pch; sourceTree = "<group>"; };
		70710CA820F4917E00052929 /* MIHorizontalPickerViewCellItem.h */ = {isa = PBXFileReference; fileEncoding = 4; lastKnownFileType = sourcecode.c.h; path = MIHorizontalPickerViewCellItem.h; sourceTree = "<group>"; };
		70710CA920F4917E00052929 /* MIHorizontalPickerViewCell.m */ = {isa = PBXFileReference; fileEncoding = 4; lastKnownFileType = sourcecode.c.objc; path = MIHorizontalPickerViewCell.m; sourceTree = "<group>"; };
		70710CAA20F4917E00052929 /* MIHorizontalPickerView.h */ = {isa = PBXFileReference; fileEncoding = 4; lastKnownFileType = sourcecode.c.h; path = MIHorizontalPickerView.h; sourceTree = "<group>"; };
		70710CAB20F4917E00052929 /* MIHorizontalPickerViewCellItem.m */ = {isa = PBXFileReference; fileEncoding = 4; lastKnownFileType = sourcecode.c.objc; path = MIHorizontalPickerViewCellItem.m; sourceTree = "<group>"; };
		70710CAC20F4917E00052929 /* MIHorizontalPickerViewCell.h */ = {isa = PBXFileReference; fileEncoding = 4; lastKnownFileType = sourcecode.c.h; path = MIHorizontalPickerViewCell.h; sourceTree = "<group>"; };
		70710CAD20F4917E00052929 /* MIHorizontalPickerView.m */ = {isa = PBXFileReference; fileEncoding = 4; lastKnownFileType = sourcecode.c.objc; path = MIHorizontalPickerView.m; sourceTree = "<group>"; };
		707A5BC7212E390E002D61BC /* UIButton+Extension.h */ = {isa = PBXFileReference; lastKnownFileType = sourcecode.c.h; path = "UIButton+Extension.h"; sourceTree = "<group>"; };
		707A5BC8212E390E002D61BC /* UIButton+Extension.m */ = {isa = PBXFileReference; lastKnownFileType = sourcecode.c.objc; path = "UIButton+Extension.m"; sourceTree = "<group>"; };
		707A5BCE212EAA02002D61BC /* UIFont+Extension.h */ = {isa = PBXFileReference; lastKnownFileType = sourcecode.c.h; path = "UIFont+Extension.h"; sourceTree = "<group>"; };
		707A5BCF212EAA02002D61BC /* UIFont+Extension.m */ = {isa = PBXFileReference; lastKnownFileType = sourcecode.c.objc; path = "UIFont+Extension.m"; sourceTree = "<group>"; };
		707A5BD1212EAA90002D61BC /* font.ttf */ = {isa = PBXFileReference; lastKnownFileType = file; path = font.ttf; sourceTree = "<group>"; };
		7096B55E213784CF003B1D3F /* MICameraFunctionView.h */ = {isa = PBXFileReference; lastKnownFileType = sourcecode.c.h; path = MICameraFunctionView.h; sourceTree = "<group>"; };
		7096B55F213784CF003B1D3F /* MICameraFunctionView.m */ = {isa = PBXFileReference; lastKnownFileType = sourcecode.c.objc; path = MICameraFunctionView.m; sourceTree = "<group>"; };
		70A8098F212D7744003ED7D2 /* MIFactorSlider.xib */ = {isa = PBXFileReference; fileEncoding = 4; lastKnownFileType = file.xib; path = MIFactorSlider.xib; sourceTree = "<group>"; };
		70A80990212D7744003ED7D2 /* OMSliderBar.h */ = {isa = PBXFileReference; fileEncoding = 4; lastKnownFileType = sourcecode.c.h; path = OMSliderBar.h; sourceTree = "<group>"; };
		70A80991212D7744003ED7D2 /* OMSliderBar.m */ = {isa = PBXFileReference; fileEncoding = 4; lastKnownFileType = sourcecode.c.objc; path = OMSliderBar.m; sourceTree = "<group>"; };
		70A80992212D7744003ED7D2 /* MIFactorSlider.h */ = {isa = PBXFileReference; fileEncoding = 4; lastKnownFileType = sourcecode.c.h; path = MIFactorSlider.h; sourceTree = "<group>"; };
		70A80993212D7744003ED7D2 /* MIFactorSlider.m */ = {isa = PBXFileReference; fileEncoding = 4; lastKnownFileType = sourcecode.c.objc; path = MIFactorSlider.m; sourceTree = "<group>"; };
		70AFE06E21CD1AC7000585D0 /* MIMineViewController.m */ = {isa = PBXFileReference; fileEncoding = 4; lastKnownFileType = sourcecode.c.objc; path = MIMineViewController.m; sourceTree = "<group>"; };
		70AFE06F21CD1AC7000585D0 /* MIMineViewController.xib */ = {isa = PBXFileReference; fileEncoding = 4; lastKnownFileType = file.xib; path = MIMineViewController.xib; sourceTree = "<group>"; };
		70AFE07021CD1AC7000585D0 /* MIMineViewController.h */ = {isa = PBXFileReference; fileEncoding = 4; lastKnownFileType = sourcecode.c.h; path = MIMineViewController.h; sourceTree = "<group>"; };
		70AFE07321CD29FD000585D0 /* MIMineEditViewController.h */ = {isa = PBXFileReference; lastKnownFileType = sourcecode.c.h; path = MIMineEditViewController.h; sourceTree = "<group>"; };
		70AFE07421CD29FD000585D0 /* MIMineEditViewController.m */ = {isa = PBXFileReference; lastKnownFileType = sourcecode.c.objc; path = MIMineEditViewController.m; sourceTree = "<group>"; };
		70AFE07521CD29FD000585D0 /* MIMineEditViewController.xib */ = {isa = PBXFileReference; lastKnownFileType = file.xib; path = MIMineEditViewController.xib; sourceTree = "<group>"; };
		70AFE07A21CDBD04000585D0 /* MIUserInfoModel.h */ = {isa = PBXFileReference; lastKnownFileType = sourcecode.c.h; path = MIUserInfoModel.h; sourceTree = "<group>"; };
		70AFE07B21CDBD04000585D0 /* MIUserInfoModel.m */ = {isa = PBXFileReference; lastKnownFileType = sourcecode.c.objc; path = MIUserInfoModel.m; sourceTree = "<group>"; };
		70AFE07E21CDC0D9000585D0 /* MIDatePickerView.m */ = {isa = PBXFileReference; fileEncoding = 4; lastKnownFileType = sourcecode.c.objc; path = MIDatePickerView.m; sourceTree = "<group>"; };
		70AFE07F21CDC0D9000585D0 /* MIDatePickerView.xib */ = {isa = PBXFileReference; fileEncoding = 4; lastKnownFileType = file.xib; path = MIDatePickerView.xib; sourceTree = "<group>"; };
		70AFE08021CDC0DA000585D0 /* MIDatePickerView.h */ = {isa = PBXFileReference; fileEncoding = 4; lastKnownFileType = sourcecode.c.h; path = MIDatePickerView.h; sourceTree = "<group>"; };
		70AFE08321CDC0FB000585D0 /* NSDate+Extension.h */ = {isa = PBXFileReference; fileEncoding = 4; lastKnownFileType = sourcecode.c.h; path = "NSDate+Extension.h"; sourceTree = "<group>"; };
		70AFE08421CDC0FB000585D0 /* NSDate+Extension.m */ = {isa = PBXFileReference; fileEncoding = 4; lastKnownFileType = sourcecode.c.objc; path = "NSDate+Extension.m"; sourceTree = "<group>"; };
		70AFE08621CDC113000585D0 /* UIView+Extension.h */ = {isa = PBXFileReference; fileEncoding = 4; lastKnownFileType = sourcecode.c.h; path = "UIView+Extension.h"; sourceTree = "<group>"; };
		70AFE08721CDC113000585D0 /* UIView+Extension.m */ = {isa = PBXFileReference; fileEncoding = 4; lastKnownFileType = sourcecode.c.objc; path = "UIView+Extension.m"; sourceTree = "<group>"; };
		70AFE08921CFBB50000585D0 /* CoreText.framework */ = {isa = PBXFileReference; lastKnownFileType = wrapper.framework; name = CoreText.framework; path = System/Library/Frameworks/CoreText.framework; sourceTree = SDKROOT; };
		70AFE08B21CFBB5A000585D0 /* ImageIO.framework */ = {isa = PBXFileReference; lastKnownFileType = wrapper.framework; name = ImageIO.framework; path = System/Library/Frameworks/ImageIO.framework; sourceTree = SDKROOT; };
		70AFE08D21CFBB65000585D0 /* QuartzCore.framework */ = {isa = PBXFileReference; lastKnownFileType = wrapper.framework; name = QuartzCore.framework; path = System/Library/Frameworks/QuartzCore.framework; sourceTree = SDKROOT; };
		70AFE08F21CFBB76000585D0 /* libc++.tbd */ = {isa = PBXFileReference; lastKnownFileType = "sourcecode.text-based-dylib-definition"; name = "libc++.tbd"; path = "usr/lib/libc++.tbd"; sourceTree = SDKROOT; };
		70AFE09121CFBB80000585D0 /* libz.tbd */ = {isa = PBXFileReference; lastKnownFileType = "sourcecode.text-based-dylib-definition"; name = libz.tbd; path = usr/lib/libz.tbd; sourceTree = SDKROOT; };
		70AFE09321CFBBB1000585D0 /* CoreTelephony.framework */ = {isa = PBXFileReference; lastKnownFileType = wrapper.framework; name = CoreTelephony.framework; path = System/Library/Frameworks/CoreTelephony.framework; sourceTree = SDKROOT; };
		70AFE09521CFBBBE000585D0 /* libsqlite3.tbd */ = {isa = PBXFileReference; lastKnownFileType = "sourcecode.text-based-dylib-definition"; name = libsqlite3.tbd; path = usr/lib/libsqlite3.tbd; sourceTree = SDKROOT; };
		70AFE09721CFBBCA000585D0 /* CoreGraphics.framework */ = {isa = PBXFileReference; lastKnownFileType = wrapper.framework; name = CoreGraphics.framework; path = System/Library/Frameworks/CoreGraphics.framework; sourceTree = SDKROOT; };
		70AFE09921CFBBD9000585D0 /* SystemConfiguration.framework */ = {isa = PBXFileReference; lastKnownFileType = wrapper.framework; name = SystemConfiguration.framework; path = System/Library/Frameworks/SystemConfiguration.framework; sourceTree = SDKROOT; };
		70AFE09B21CFBBE6000585D0 /* libiconv.tbd */ = {isa = PBXFileReference; lastKnownFileType = "sourcecode.text-based-dylib-definition"; name = libiconv.tbd; path = usr/lib/libiconv.tbd; sourceTree = SDKROOT; };
		70AFE09D21CFBBF0000585D0 /* Security.framework */ = {isa = PBXFileReference; lastKnownFileType = wrapper.framework; name = Security.framework; path = System/Library/Frameworks/Security.framework; sourceTree = SDKROOT; };
		70AFE0A121CFBD45000585D0 /* WXApi.h */ = {isa = PBXFileReference; fileEncoding = 4; lastKnownFileType = sourcecode.c.h; path = WXApi.h; sourceTree = "<group>"; };
		70AFE0A221CFBD45000585D0 /* WXApiObject.h */ = {isa = PBXFileReference; fileEncoding = 4; lastKnownFileType = sourcecode.c.h; path = WXApiObject.h; sourceTree = "<group>"; };
		70AFE0A321CFBD45000585D0 /* README.txt */ = {isa = PBXFileReference; fileEncoding = 4; lastKnownFileType = text; path = README.txt; sourceTree = "<group>"; };
		70AFE0A421CFBD45000585D0 /* WechatAuthSDK.h */ = {isa = PBXFileReference; fileEncoding = 4; lastKnownFileType = sourcecode.c.h; path = WechatAuthSDK.h; sourceTree = "<group>"; };
		70AFE0A521CFBD45000585D0 /* libWeChatSDK.a */ = {isa = PBXFileReference; lastKnownFileType = archive.ar; path = libWeChatSDK.a; sourceTree = "<group>"; };
		70AFE0A721CFBD45000585D0 /* WBHttpRequest+WeiboUser.h */ = {isa = PBXFileReference; fileEncoding = 4; lastKnownFileType = sourcecode.c.h; path = "WBHttpRequest+WeiboUser.h"; sourceTree = "<group>"; };
		70AFE0A821CFBD45000585D0 /* WBSDKRelationshipButton.h */ = {isa = PBXFileReference; fileEncoding = 4; lastKnownFileType = sourcecode.c.h; path = WBSDKRelationshipButton.h; sourceTree = "<group>"; };
		70AFE0A921CFBD45000585D0 /* WeiboSDK.bundle */ = {isa = PBXFileReference; lastKnownFileType = "wrapper.plug-in"; path = WeiboSDK.bundle; sourceTree = "<group>"; };
		70AFE0AA21CFBD45000585D0 /* WBHttpRequest+WeiboGame.h */ = {isa = PBXFileReference; fileEncoding = 4; lastKnownFileType = sourcecode.c.h; path = "WBHttpRequest+WeiboGame.h"; sourceTree = "<group>"; };
		70AFE0AB21CFBD45000585D0 /* WeiboUser.h */ = {isa = PBXFileReference; fileEncoding = 4; lastKnownFileType = sourcecode.c.h; path = WeiboUser.h; sourceTree = "<group>"; };
		70AFE0AC21CFBD45000585D0 /* libWeiboSDK.a */ = {isa = PBXFileReference; lastKnownFileType = archive.ar; path = libWeiboSDK.a; sourceTree = "<group>"; };
		70AFE0AD21CFBD45000585D0 /* WBHttpRequest+WeiboShare.h */ = {isa = PBXFileReference; fileEncoding = 4; lastKnownFileType = sourcecode.c.h; path = "WBHttpRequest+WeiboShare.h"; sourceTree = "<group>"; };
		70AFE0AE21CFBD45000585D0 /* WBHttpRequest.h */ = {isa = PBXFileReference; fileEncoding = 4; lastKnownFileType = sourcecode.c.h; path = WBHttpRequest.h; sourceTree = "<group>"; };
		70AFE0AF21CFBD45000585D0 /* WBSDKBasicButton.h */ = {isa = PBXFileReference; fileEncoding = 4; lastKnownFileType = sourcecode.c.h; path = WBSDKBasicButton.h; sourceTree = "<group>"; };
		70AFE0B021CFBD45000585D0 /* WBHttpRequest+WeiboToken.h */ = {isa = PBXFileReference; fileEncoding = 4; lastKnownFileType = sourcecode.c.h; path = "WBHttpRequest+WeiboToken.h"; sourceTree = "<group>"; };
		70AFE0B121CFBD45000585D0 /* WeiboSDK+Statistics.h */ = {isa = PBXFileReference; fileEncoding = 4; lastKnownFileType = sourcecode.c.h; path = "WeiboSDK+Statistics.h"; sourceTree = "<group>"; };
		70AFE0B221CFBD45000585D0 /* WBSDKCommentButton.h */ = {isa = PBXFileReference; fileEncoding = 4; lastKnownFileType = sourcecode.c.h; path = WBSDKCommentButton.h; sourceTree = "<group>"; };
		70AFE0B321CFBD45000585D0 /* WeiboSDK.h */ = {isa = PBXFileReference; fileEncoding = 4; lastKnownFileType = sourcecode.c.h; path = WeiboSDK.h; sourceTree = "<group>"; };
		70AFE0B521CFBD45000585D0 /* TencentOpenApi_IOS_Bundle.bundle */ = {isa = PBXFileReference; lastKnownFileType = "wrapper.plug-in"; path = TencentOpenApi_IOS_Bundle.bundle; sourceTree = "<group>"; };
		70AFE0B621CFBD45000585D0 /* TencentOpenAPI.framework */ = {isa = PBXFileReference; lastKnownFileType = wrapper.framework; path = TencentOpenAPI.framework; sourceTree = "<group>"; };
		70AFE0BD21CFBE06000585D0 /* MIThirdPartyLoginManager.h */ = {isa = PBXFileReference; fileEncoding = 4; lastKnownFileType = sourcecode.c.h; path = MIThirdPartyLoginManager.h; sourceTree = "<group>"; };
		70AFE0BE21CFBE06000585D0 /* MIThirdPartyLoginManager.m */ = {isa = PBXFileReference; fileEncoding = 4; lastKnownFileType = sourcecode.c.objc; path = MIThirdPartyLoginManager.m; sourceTree = "<group>"; };
		70B509E921B754B300BBB2A9 /* MIDetailViewController.h */ = {isa = PBXFileReference; lastKnownFileType = sourcecode.c.h; path = MIDetailViewController.h; sourceTree = "<group>"; };
		70B509EA21B754B300BBB2A9 /* MIDetailViewController.m */ = {isa = PBXFileReference; lastKnownFileType = sourcecode.c.objc; path = MIDetailViewController.m; sourceTree = "<group>"; };
		70B509EB21B754B300BBB2A9 /* MIDetailViewController.xib */ = {isa = PBXFileReference; lastKnownFileType = file.xib; path = MIDetailViewController.xib; sourceTree = "<group>"; };
		70B509EE21B7593500BBB2A9 /* MICommentCell.h */ = {isa = PBXFileReference; lastKnownFileType = sourcecode.c.h; path = MICommentCell.h; sourceTree = "<group>"; };
		70B509EF21B7593500BBB2A9 /* MICommentCell.m */ = {isa = PBXFileReference; lastKnownFileType = sourcecode.c.objc; path = MICommentCell.m; sourceTree = "<group>"; };
		70B509F021B7593500BBB2A9 /* MICommentCell.xib */ = {isa = PBXFileReference; lastKnownFileType = file.xib; path = MICommentCell.xib; sourceTree = "<group>"; };
		70B50A0821B7E7D900BBB2A9 /* MICommunityCollectionLayout.h */ = {isa = PBXFileReference; fileEncoding = 4; lastKnownFileType = sourcecode.c.h; path = MICommunityCollectionLayout.h; sourceTree = "<group>"; };
		70B50A0921B7E7D900BBB2A9 /* MICommunityCollectionLayout.m */ = {isa = PBXFileReference; fileEncoding = 4; lastKnownFileType = sourcecode.c.objc; path = MICommunityCollectionLayout.m; sourceTree = "<group>"; };
		70B50A0B21B7FFA600BBB2A9 /* MIBaseModel.h */ = {isa = PBXFileReference; lastKnownFileType = sourcecode.c.h; path = MIBaseModel.h; sourceTree = "<group>"; };
		70B50A0C21B7FFA600BBB2A9 /* MIBaseModel.m */ = {isa = PBXFileReference; lastKnownFileType = sourcecode.c.objc; path = MIBaseModel.m; sourceTree = "<group>"; };
		70B50A1121B806E700BBB2A9 /* MICommonFile.h */ = {isa = PBXFileReference; lastKnownFileType = sourcecode.c.h; path = MICommonFile.h; sourceTree = "<group>"; };
		70C4318921B604C4001D56C4 /* MIHomeViewController.m */ = {isa = PBXFileReference; fileEncoding = 4; lastKnownFileType = sourcecode.c.objc; path = MIHomeViewController.m; sourceTree = "<group>"; };
		70C4318A21B604C4001D56C4 /* MIHomeViewController.h */ = {isa = PBXFileReference; fileEncoding = 4; lastKnownFileType = sourcecode.c.h; path = MIHomeViewController.h; sourceTree = "<group>"; };
		70C4318C21B61044001D56C4 /* MIAlertView.h */ = {isa = PBXFileReference; fileEncoding = 4; lastKnownFileType = sourcecode.c.h; path = MIAlertView.h; sourceTree = "<group>"; };
		70C4318D21B61044001D56C4 /* MIAlertView.m */ = {isa = PBXFileReference; fileEncoding = 4; lastKnownFileType = sourcecode.c.objc; path = MIAlertView.m; sourceTree = "<group>"; };
		70C4319021B620FC001D56C4 /* MICommunityListModel.h */ = {isa = PBXFileReference; lastKnownFileType = sourcecode.c.h; path = MICommunityListModel.h; sourceTree = "<group>"; };
		70C4319121B620FC001D56C4 /* MICommunityListModel.m */ = {isa = PBXFileReference; lastKnownFileType = sourcecode.c.objc; path = MICommunityListModel.m; sourceTree = "<group>"; };
		70CC790F21B6C55300C657FA /* MICommunityCell.xib */ = {isa = PBXFileReference; lastKnownFileType = file.xib; path = MICommunityCell.xib; sourceTree = "<group>"; };
		70D277DB21BCF87B007FEA63 /* MBProgressHUD.m */ = {isa = PBXFileReference; fileEncoding = 4; lastKnownFileType = sourcecode.c.objc; path = MBProgressHUD.m; sourceTree = "<group>"; };
		70D277DC21BCF87B007FEA63 /* LICENSE */ = {isa = PBXFileReference; fileEncoding = 4; lastKnownFileType = text; path = LICENSE; sourceTree = "<group>"; };
		70D277DD21BCF87B007FEA63 /* MBProgressHUD.h */ = {isa = PBXFileReference; fileEncoding = 4; lastKnownFileType = sourcecode.c.h; path = MBProgressHUD.h; sourceTree = "<group>"; };
		70D277DE21BCF87B007FEA63 /* README.mdown */ = {isa = PBXFileReference; fileEncoding = 4; lastKnownFileType = net.daringfireball.markdown; path = README.mdown; sourceTree = "<group>"; };
		70D277E221BCF88A007FEA63 /* MBProgressHUD+MJ.h */ = {isa = PBXFileReference; fileEncoding = 4; lastKnownFileType = sourcecode.c.h; path = "MBProgressHUD+MJ.h"; sourceTree = "<group>"; };
		70D277E321BCF88A007FEA63 /* MBProgressHUD+MJ.m */ = {isa = PBXFileReference; fileEncoding = 4; lastKnownFileType = sourcecode.c.objc; path = "MBProgressHUD+MJ.m"; sourceTree = "<group>"; };
		70E1D22520F829F5007B07C2 /* MIReviewVideoViewController.h */ = {isa = PBXFileReference; lastKnownFileType = sourcecode.c.h; path = MIReviewVideoViewController.h; sourceTree = "<group>"; };
		70E5A37621D8ADBD00DB99CC /* QSTilePreviewView.h */ = {isa = PBXFileReference; fileEncoding = 4; lastKnownFileType = sourcecode.c.h; path = QSTilePreviewView.h; sourceTree = "<group>"; };
		70E5A37721D8ADBE00DB99CC /* QSTilePreviewView.m */ = {isa = PBXFileReference; fileEncoding = 4; lastKnownFileType = sourcecode.c.objc; path = QSTilePreviewView.m; sourceTree = "<group>"; };
		D6210C935518D5CD3C8D161A /* Pods-MicroInsight.release.xcconfig */ = {isa = PBXFileReference; includeInIndex = 1; lastKnownFileType = text.xcconfig; name = "Pods-MicroInsight.release.xcconfig"; path = "Pods/Target Support Files/Pods-MicroInsight/Pods-MicroInsight.release.xcconfig"; sourceTree = "<group>"; };
/* End PBXFileReference section */

/* Begin PBXFrameworksBuildPhase section */
		70710C5620F476A300052929 /* Frameworks */ = {
			isa = PBXFrameworksBuildPhase;
			buildActionMask = 2147483647;
			files = (
				70AFE09E21CFBBF0000585D0 /* Security.framework in Frameworks */,
				70AFE09C21CFBBE7000585D0 /* libiconv.tbd in Frameworks */,
				70AFE09A21CFBBD9000585D0 /* SystemConfiguration.framework in Frameworks */,
				70AFE0BA21CFBD45000585D0 /* libWeiboSDK.a in Frameworks */,
				70AFE09821CFBBCA000585D0 /* CoreGraphics.framework in Frameworks */,
				70AFE0B821CFBD45000585D0 /* libWeChatSDK.a in Frameworks */,
				70AFE09621CFBBBF000585D0 /* libsqlite3.tbd in Frameworks */,
				70AFE09421CFBBB1000585D0 /* CoreTelephony.framework in Frameworks */,
				70AFE09221CFBB80000585D0 /* libz.tbd in Frameworks */,
				70AFE09021CFBB77000585D0 /* libc++.tbd in Frameworks */,
				70AFE0BC21CFBD45000585D0 /* TencentOpenAPI.framework in Frameworks */,
				70AFE08E21CFBB65000585D0 /* QuartzCore.framework in Frameworks */,
				70AFE08C21CFBB5A000585D0 /* ImageIO.framework in Frameworks */,
				70AFE08A21CFBB50000585D0 /* CoreText.framework in Frameworks */,
				20DC8A5C601B9DBA6E4BC4E1 /* libPods-MicroInsight.a in Frameworks */,
			);
			runOnlyForDeploymentPostprocessing = 0;
		};
		70710C6E20F476A500052929 /* Frameworks */ = {
			isa = PBXFrameworksBuildPhase;
			buildActionMask = 2147483647;
			files = (
			);
			runOnlyForDeploymentPostprocessing = 0;
		};
		70710C7920F476A500052929 /* Frameworks */ = {
			isa = PBXFrameworksBuildPhase;
			buildActionMask = 2147483647;
			files = (
			);
			runOnlyForDeploymentPostprocessing = 0;
		};
/* End PBXFrameworksBuildPhase section */

/* Begin PBXGroup section */
		0902409821969DC00003D686 /* MyAlbum */ = {
			isa = PBXGroup;
			children = (
				3B6D661F21AEBAFE005CAE9A /* Model */,
				3B7973F621A4152A0087EE48 /* View */,
				090240A021969F6E0003D686 /* MyAlbum.storyboard */,
				3B7973F021A3EB5C0087EE48 /* MIMyAlbumViewController.h */,
				3B7973F121A3EB5C0087EE48 /* MIMyAlbumViewController.m */,
				3B7973F321A3EE510087EE48 /* MIUploadViewController.h */,
				3B7973F421A3EE510087EE48 /* MIUploadViewController.m */,
			);
			path = MyAlbum;
			sourceTree = "<group>";
		};
		0902409921969DE10003D686 /* Photography */ = {
			isa = PBXGroup;
			children = (
				70710C5F20F476A300052929 /* MIPhotographyViewController.h */,
				70710C6020F476A300052929 /* MIPhotographyViewController.m */,
				0902409E21969F600003D686 /* Photography.storyboard */,
			);
			path = Photography;
			sourceTree = "<group>";
		};
		0902409A21969EA80003D686 /* Community */ = {
			isa = PBXGroup;
			children = (
				70C4318F21B61F45001D56C4 /* Model */,
				3B5FDB8D21A2C56700DDCD1E /* View */,
				0902409C21969F4C0003D686 /* Community.storyboard */,
				3B5FDB8A21A2C4BB00DDCD1E /* MICommunityViewController.h */,
				3B5FDB8B21A2C4BB00DDCD1E /* MICommunityViewController.m */,
				70B509E921B754B300BBB2A9 /* MIDetailViewController.h */,
				70B509EA21B754B300BBB2A9 /* MIDetailViewController.m */,
				70B509EB21B754B300BBB2A9 /* MIDetailViewController.xib */,
				3BB45A7821C118E700196914 /* MIPlayerViewController.h */,
				3BB45A7921C118E700196914 /* MIPlayerViewController.m */,
			);
			path = Community;
			sourceTree = "<group>";
		};
		0902409B21969F1F0003D686 /* Login */ = {
			isa = PBXGroup;
			children = (
				70AFE09F21CFBD45000585D0 /* Lib */,
				70AFE0BD21CFBE06000585D0 /* MIThirdPartyLoginManager.h */,
				70AFE0BE21CFBE06000585D0 /* MIThirdPartyLoginManager.m */,
				090240A2219726420003D686 /* Login.storyboard */,
				3B5FDB8721A2A38500DDCD1E /* MILoginViewController.h */,
				3B5FDB8821A2A38500DDCD1E /* MILoginViewController.m */,
			);
			path = Login;
			sourceTree = "<group>";
		};
		09BC50BB21B57823006B4277 /* UICollectionViewLeftAlignedLayout */ = {
			isa = PBXGroup;
			children = (
				09BC50BC21B57823006B4277 /* UICollectionViewLeftAlignedLayout.h */,
				09BC50BD21B57823006B4277 /* UICollectionViewLeftAlignedLayout.m */,
			);
			path = UICollectionViewLeftAlignedLayout;
			sourceTree = "<group>";
		};
		3B5FDB8D21A2C56700DDCD1E /* View */ = {
			isa = PBXGroup;
			children = (
				3B5FDB8E21A2C58700DDCD1E /* MICommunityCell.h */,
				3B5FDB8F21A2C58700DDCD1E /* MICommunityCell.m */,
				70CC790F21B6C55300C657FA /* MICommunityCell.xib */,
				70B509EE21B7593500BBB2A9 /* MICommentCell.h */,
				70B509EF21B7593500BBB2A9 /* MICommentCell.m */,
				70B509F021B7593500BBB2A9 /* MICommentCell.xib */,
				70B50A0821B7E7D900BBB2A9 /* MICommunityCollectionLayout.h */,
				70B50A0921B7E7D900BBB2A9 /* MICommunityCollectionLayout.m */,
			);
			path = View;
			sourceTree = "<group>";
		};
		3B6D661221AE3AA8005CAE9A /* Network */ = {
			isa = PBXGroup;
			children = (
				3B6D661421AE3AA8005CAE9A /* MIHTTPResponseSerializer.h */,
				3B6D661821AE3AA8005CAE9A /* MIHTTPResponseSerializer.m */,
				3B6D661521AE3AA8005CAE9A /* MIBaseRequest.h */,
				3B6D661721AE3AA8005CAE9A /* MIBaseRequest.m */,
				3B6D661A21AE3AA8005CAE9A /* MINetworkConstant.h */,
				3B6D661621AE3AA8005CAE9A /* MINetworkConstant.m */,
				3B6D661921AE3AA8005CAE9A /* MIHTTPSessionManager.h */,
				3B6D661321AE3AA8005CAE9A /* MIHTTPSessionManager.m */,
				09BC50B421B561A2006B4277 /* MIAlbumRequest.h */,
				09BC50B521B561A2006B4277 /* MIAlbumRequest.m */,
				3B9C199F21BE716600E5B544 /* MICommunityRequest.h */,
				3B9C19A021BE716600E5B544 /* MICommunityRequest.m */,
			);
			path = Network;
			sourceTree = "<group>";
		};
		3B6D661F21AEBAFE005CAE9A /* Model */ = {
			isa = PBXGroup;
			children = (
				3B6D662021AEBB1F005CAE9A /* MIAlbum.h */,
				3B6D662121AEBB1F005CAE9A /* MIAlbum.m */,
				09BC50C221B81FC7006B4277 /* MITheme.h */,
				09BC50C321B81FC7006B4277 /* MITheme.m */,
				3B7464CD21B901F1007F3820 /* MIUploadVidoInfo.h */,
				3B7464CE21B901F1007F3820 /* MIUploadVidoInfo.m */,
			);
			path = Model;
			sourceTree = "<group>";
		};
		3B7973F621A4152A0087EE48 /* View */ = {
			isa = PBXGroup;
			children = (
				3B7973F721A415540087EE48 /* MIAlbumCell.h */,
				3B7973F821A415540087EE48 /* MIAlbumCell.m */,
				3B19C3F921A504F4001027E9 /* MIThemeCell.h */,
				3B19C3FA21A504F4001027E9 /* MIThemeCell.m */,
			);
			path = View;
			sourceTree = "<group>";
		};
		5B626D7DB418531BE5019909 /* Pods */ = {
			isa = PBXGroup;
			children = (
				569EC9E96DF1B12DA9274E3A /* Pods-MicroInsight.debug.xcconfig */,
				D6210C935518D5CD3C8D161A /* Pods-MicroInsight.release.xcconfig */,
			);
			name = Pods;
			sourceTree = "<group>";
		};
		700A64EE21D2203F003F0430 /* Player */ = {
			isa = PBXGroup;
			children = (
				700A64F021D22070003F0430 /* MISlider.h */,
				700A64EF21D22070003F0430 /* MISlider.m */,
				700A64F321D22070003F0430 /* MIPlayer.h */,
				700A64F421D22071003F0430 /* MIPlayer.m */,
				700A64F121D22070003F0430 /* MIControlView.h */,
				700A64F221D22070003F0430 /* MIControlView.m */,
			);
			path = Player;
			sourceTree = "<group>";
		};
		700F01C021B5443D00D0D3EA /* Request(数据请求) */ = {
			isa = PBXGroup;
			children = (
				700F01C421B5447700D0D3EA /* MIRequestManager.h */,
				700F01C521B5447700D0D3EA /* MIRequestManager.m */,
			);
			path = "Request(数据请求)";
			sourceTree = "<group>";
		};
		7010351A21D51040008DBF3C /* Resources */ = {
			isa = PBXGroup;
			children = (
				7010351F21D5111E008DBF3C /* img_community_0.jpg */,
				7010351C21D5111E008DBF3C /* img_community_1.jpg */,
				7010351E21D5111E008DBF3C /* img_community_2.jpg */,
				7010351B21D5111E008DBF3C /* img_community_3.jpg */,
				7010351D21D5111E008DBF3C /* img_community_4.jpg */,
			);
			path = Resources;
			sourceTree = "<group>";
		};
		702641A620F6F15100B21AFC /* MIHelpTool */ = {
			isa = PBXGroup;
			children = (
				09BC50BB21B57823006B4277 /* UICollectionViewLeftAlignedLayout */,
				09BC50B821B56246006B4277 /* MIModelMapper.h */,
				09BC50B721B56246006B4277 /* MIModelMapper.m */,
				702641A920F6F15100B21AFC /* MIHelpTool.h */,
				702641AA20F6F15100B21AFC /* MIHelpTool.m */,
				702641A820F6F15100B21AFC /* MIUIFactory.h */,
				702641AB20F6F15100B21AFC /* MIUIFactory.m */,
				70C4318C21B61044001D56C4 /* MIAlertView.h */,
				70C4318D21B61044001D56C4 /* MIAlertView.m */,
				702641A720F6F15100B21AFC /* MIToastAlertView.h */,
				702641AC20F6F15100B21AFC /* MIToastAlertView.m */,
				706A6E1820F6F7390097C577 /* MIMotionManager.h */,
				706A6E1720F6F7390097C577 /* MIMotionManager.m */,
				700F01C721B5496400D0D3EA /* MILocalData.h */,
				700F01C821B5496400D0D3EA /* MILocalData.m */,
				3B76AE2D21B8C4F50021F9E9 /* MIDataConvertion.h */,
				3B76AE2E21B8C4F50021F9E9 /* MIDataConvertion.m */,
			);
			path = MIHelpTool;
			sourceTree = "<group>";
		};
		70294784212D625600B3732A /* BaseClass */ = {
			isa = PBXGroup;
			children = (
				70294785212D626D00B3732A /* MIBaseViewController.h */,
				70294786212D626D00B3732A /* MIBaseViewController.m */,
				70B50A0B21B7FFA600BBB2A9 /* MIBaseModel.h */,
				70B50A0C21B7FFA600BBB2A9 /* MIBaseModel.m */,
			);
			path = BaseClass;
			sourceTree = "<group>";
		};
		7029478A212D659600B3732A /* Review(预览) */ = {
			isa = PBXGroup;
			children = (
				7029478B212D65C800B3732A /* View */,
				7029478C212D65D000B3732A /* Controller */,
			);
			path = "Review(预览)";
			sourceTree = "<group>";
		};
		7029478B212D65C800B3732A /* View */ = {
			isa = PBXGroup;
			children = (
				700A64EE21D2203F003F0430 /* Player */,
				7029477E212D5E6700B3732A /* MIReviewImageCell.h */,
				7029477F212D5E6700B3732A /* MIReviewImageCell.m */,
				70E5A37621D8ADBD00DB99CC /* QSTilePreviewView.h */,
				70E5A37721D8ADBE00DB99CC /* QSTilePreviewView.m */,
			);
			path = View;
			sourceTree = "<group>";
		};
		7029478C212D65D000B3732A /* Controller */ = {
			isa = PBXGroup;
			children = (
				70294781212D5F8A00B3732A /* MIReviewImageViewController.h */,
				70294782212D5F8A00B3732A /* MIReviewImageViewController.m */,
				70E1D22520F829F5007B07C2 /* MIReviewVideoViewController.h */,
				70294788212D63BC00B3732A /* MIReviewVideoViewController.m */,
			);
			path = Controller;
			sourceTree = "<group>";
		};
		706A6E1A20F6F8E00097C577 /* Category */ = {
			isa = PBXGroup;
			children = (
				706A6E1B20F6F9180097C577 /* UIView+CCAdditions.h */,
				706A6E1C20F6F9180097C577 /* UIView+CCAdditions.m */,
				707A5BC7212E390E002D61BC /* UIButton+Extension.h */,
				707A5BC8212E390E002D61BC /* UIButton+Extension.m */,
				707A5BCE212EAA02002D61BC /* UIFont+Extension.h */,
				707A5BCF212EAA02002D61BC /* UIFont+Extension.m */,
				09BC50BF21B65429006B4277 /* NSString+MITextSize.h */,
				09BC50C021B65429006B4277 /* NSString+MITextSize.m */,
				70AFE08321CDC0FB000585D0 /* NSDate+Extension.h */,
				70AFE08421CDC0FB000585D0 /* NSDate+Extension.m */,
				70AFE08621CDC113000585D0 /* UIView+Extension.h */,
				70AFE08721CDC113000585D0 /* UIView+Extension.m */,
			);
			path = Category;
			sourceTree = "<group>";
		};
		706A6E1E20F6F9DC0097C577 /* Camera */ = {
			isa = PBXGroup;
			children = (
				706A6E1F20F6FA7A0097C577 /* MIVideoPreview.h */,
				706A6E2020F6FA7A0097C577 /* MIVideoPreview.m */,
				706A6E2220F6FB530097C577 /* MICameraView.h */,
				706A6E2320F6FB530097C577 /* MICameraView.m */,
				7096B55E213784CF003B1D3F /* MICameraFunctionView.h */,
				7096B55F213784CF003B1D3F /* MICameraFunctionView.m */,
			);
			path = Camera;
			sourceTree = "<group>";
		};
		70710C5020F476A300052929 = {
			isa = PBXGroup;
			children = (
				70710C5B20F476A300052929 /* MicroInsight */,
				70710C7420F476A500052929 /* MicroInsightTests */,
				70710C7F20F476A500052929 /* MicroInsightUITests */,
				70710C5A20F476A300052929 /* Products */,
				5B626D7DB418531BE5019909 /* Pods */,
				F5BCF343CFAB0749216AB255 /* Frameworks */,
			);
			sourceTree = "<group>";
		};
		70710C5A20F476A300052929 /* Products */ = {
			isa = PBXGroup;
			children = (
				70710C5920F476A300052929 /* MicroInsight.app */,
				70710C7120F476A500052929 /* MicroInsightTests.xctest */,
				70710C7C20F476A500052929 /* MicroInsightUITests.xctest */,
			);
			name = Products;
			sourceTree = "<group>";
		};
		70710C5B20F476A300052929 /* MicroInsight */ = {
			isa = PBXGroup;
			children = (
				7010351A21D51040008DBF3C /* Resources */,
				70D277D921BCF84D007FEA63 /* Vender */,
				700F01C021B5443D00D0D3EA /* Request(数据请求) */,
				3B6D661221AE3AA8005CAE9A /* Network */,
				0902409B21969F1F0003D686 /* Login */,
				0902409A21969EA80003D686 /* Community */,
				0902409921969DE10003D686 /* Photography */,
				0902409821969DC00003D686 /* MyAlbum */,
				70AFE06D21CD1A8E000585D0 /* Mine */,
				70294784212D625600B3732A /* BaseClass */,
				70A80997212D77B8003ED7D2 /* Custom */,
				706A6E1A20F6F8E00097C577 /* Category */,
				702641A620F6F15100B21AFC /* MIHelpTool */,
				706A6E1E20F6F9DC0097C577 /* Camera */,
				7029478A212D659600B3732A /* Review(预览) */,
				70A8098E212D663B003ED7D2 /* Supporting Files */,
			);
			path = MicroInsight;
			sourceTree = "<group>";
		};
		70710C7420F476A500052929 /* MicroInsightTests */ = {
			isa = PBXGroup;
			children = (
				70710C7520F476A500052929 /* MicroInsightTests.m */,
				70710C7720F476A500052929 /* Info.plist */,
			);
			path = MicroInsightTests;
			sourceTree = "<group>";
		};
		70710C7F20F476A500052929 /* MicroInsightUITests */ = {
			isa = PBXGroup;
			children = (
				70710C8020F476A500052929 /* MicroInsightUITests.m */,
				70710C8220F476A500052929 /* Info.plist */,
			);
			path = MicroInsightUITests;
			sourceTree = "<group>";
		};
		70710CA720F4917E00052929 /* MIHorizontalPickerView */ = {
			isa = PBXGroup;
			children = (
				70710CAA20F4917E00052929 /* MIHorizontalPickerView.h */,
				70710CAD20F4917E00052929 /* MIHorizontalPickerView.m */,
				70710CAC20F4917E00052929 /* MIHorizontalPickerViewCell.h */,
				70710CA920F4917E00052929 /* MIHorizontalPickerViewCell.m */,
				70710CA820F4917E00052929 /* MIHorizontalPickerViewCellItem.h */,
				70710CAB20F4917E00052929 /* MIHorizontalPickerViewCellItem.m */,
			);
			path = MIHorizontalPickerView;
			sourceTree = "<group>";
		};
		70A8098E212D663B003ED7D2 /* Supporting Files */ = {
			isa = PBXGroup;
			children = (
				3B830AE421AC084B00EC7746 /* Main.storyboard */,
				70710C5C20F476A300052929 /* AppDelegate.h */,
				70710C5D20F476A300052929 /* AppDelegate.m */,
				70C4318A21B604C4001D56C4 /* MIHomeViewController.h */,
				70C4318921B604C4001D56C4 /* MIHomeViewController.m */,
				70710C6520F476A400052929 /* Assets.xcassets */,
				707A5BD1212EAA90002D61BC /* font.ttf */,
				70710C6720F476A400052929 /* LaunchScreen.storyboard */,
				70710C6A20F476A400052929 /* Info.plist */,
				70710C6B20F476A400052929 /* main.m */,
				70710C9F20F47EE100052929 /* MicroInsight.pch */,
			);
			name = "Supporting Files";
			sourceTree = "<group>";
		};
		70A80997212D77B8003ED7D2 /* Custom */ = {
			isa = PBXGroup;
			children = (
				70AFE08021CDC0DA000585D0 /* MIDatePickerView.h */,
				70AFE07E21CDC0D9000585D0 /* MIDatePickerView.m */,
				70AFE07F21CDC0D9000585D0 /* MIDatePickerView.xib */,
				70AFE07D21CDC0CD000585D0 /* MIDatePickerView(时间选择器) */,
				70A80998212D77C9003ED7D2 /* Slider */,
				70710CA720F4917E00052929 /* MIHorizontalPickerView */,
				70B50A1121B806E700BBB2A9 /* MICommonFile.h */,
				7010352621D51196008DBF3C /* UICustomCarouselView.h */,
				7010352521D51196008DBF3C /* UICustomCarouselView.m */,
			);
			path = Custom;
			sourceTree = "<group>";
		};
		70A80998212D77C9003ED7D2 /* Slider */ = {
			isa = PBXGroup;
			children = (
				70A80992212D7744003ED7D2 /* MIFactorSlider.h */,
				70A80993212D7744003ED7D2 /* MIFactorSlider.m */,
				70A8098F212D7744003ED7D2 /* MIFactorSlider.xib */,
				70A80990212D7744003ED7D2 /* OMSliderBar.h */,
				70A80991212D7744003ED7D2 /* OMSliderBar.m */,
			);
			path = Slider;
			sourceTree = "<group>";
		};
		70AFE06D21CD1A8E000585D0 /* Mine */ = {
			isa = PBXGroup;
			children = (
				70AFE07921CDBCBC000585D0 /* Model */,
				70AFE07821CDBCBC000585D0 /* Controller */,
			);
			path = Mine;
			sourceTree = "<group>";
		};
		70AFE07821CDBCBC000585D0 /* Controller */ = {
			isa = PBXGroup;
			children = (
				70AFE07021CD1AC7000585D0 /* MIMineViewController.h */,
				70AFE06E21CD1AC7000585D0 /* MIMineViewController.m */,
				70AFE06F21CD1AC7000585D0 /* MIMineViewController.xib */,
				70AFE07321CD29FD000585D0 /* MIMineEditViewController.h */,
				70AFE07421CD29FD000585D0 /* MIMineEditViewController.m */,
				70AFE07521CD29FD000585D0 /* MIMineEditViewController.xib */,
			);
			path = Controller;
			sourceTree = "<group>";
		};
		70AFE07921CDBCBC000585D0 /* Model */ = {
			isa = PBXGroup;
			children = (
				70AFE07A21CDBD04000585D0 /* MIUserInfoModel.h */,
				70AFE07B21CDBD04000585D0 /* MIUserInfoModel.m */,
			);
			path = Model;
			sourceTree = "<group>";
		};
		70AFE07D21CDC0CD000585D0 /* MIDatePickerView(时间选择器) */ = {
			isa = PBXGroup;
			children = (
			);
			path = "MIDatePickerView(时间选择器)";
			sourceTree = "<group>";
		};
		70AFE09F21CFBD45000585D0 /* Lib */ = {
			isa = PBXGroup;
			children = (
				70AFE0A021CFBD45000585D0 /* WeChatSDK_1.7.1 */,
				70AFE0A621CFBD45000585D0 /* libWeiboSDK */,
				70AFE0B421CFBD45000585D0 /* Tencent3.1.0 */,
			);
			path = Lib;
			sourceTree = "<group>";
		};
		70AFE0A021CFBD45000585D0 /* WeChatSDK_1.7.1 */ = {
			isa = PBXGroup;
			children = (
				70AFE0A121CFBD45000585D0 /* WXApi.h */,
				70AFE0A221CFBD45000585D0 /* WXApiObject.h */,
				70AFE0A321CFBD45000585D0 /* README.txt */,
				70AFE0A421CFBD45000585D0 /* WechatAuthSDK.h */,
				70AFE0A521CFBD45000585D0 /* libWeChatSDK.a */,
			);
			path = WeChatSDK_1.7.1;
			sourceTree = "<group>";
		};
		70AFE0A621CFBD45000585D0 /* libWeiboSDK */ = {
			isa = PBXGroup;
			children = (
				70AFE0A721CFBD45000585D0 /* WBHttpRequest+WeiboUser.h */,
				70AFE0A821CFBD45000585D0 /* WBSDKRelationshipButton.h */,
				70AFE0A921CFBD45000585D0 /* WeiboSDK.bundle */,
				70AFE0AA21CFBD45000585D0 /* WBHttpRequest+WeiboGame.h */,
				70AFE0AB21CFBD45000585D0 /* WeiboUser.h */,
				70AFE0AC21CFBD45000585D0 /* libWeiboSDK.a */,
				70AFE0AD21CFBD45000585D0 /* WBHttpRequest+WeiboShare.h */,
				70AFE0AE21CFBD45000585D0 /* WBHttpRequest.h */,
				70AFE0AF21CFBD45000585D0 /* WBSDKBasicButton.h */,
				70AFE0B021CFBD45000585D0 /* WBHttpRequest+WeiboToken.h */,
				70AFE0B121CFBD45000585D0 /* WeiboSDK+Statistics.h */,
				70AFE0B221CFBD45000585D0 /* WBSDKCommentButton.h */,
				70AFE0B321CFBD45000585D0 /* WeiboSDK.h */,
			);
			path = libWeiboSDK;
			sourceTree = "<group>";
		};
		70AFE0B421CFBD45000585D0 /* Tencent3.1.0 */ = {
			isa = PBXGroup;
			children = (
				70AFE0B521CFBD45000585D0 /* TencentOpenApi_IOS_Bundle.bundle */,
				70AFE0B621CFBD45000585D0 /* TencentOpenAPI.framework */,
			);
			path = Tencent3.1.0;
			sourceTree = "<group>";
		};
		70C4318F21B61F45001D56C4 /* Model */ = {
			isa = PBXGroup;
			children = (
				70C4319021B620FC001D56C4 /* MICommunityListModel.h */,
				70C4319121B620FC001D56C4 /* MICommunityListModel.m */,
				09BC50C521BE9BB3006B4277 /* MICommunityVideoInfo.h */,
				09BC50C621BE9BB3006B4277 /* MICommunityVideoInfo.m */,
			);
			path = Model;
			sourceTree = "<group>";
		};
		70D277D921BCF84D007FEA63 /* Vender */ = {
			isa = PBXGroup;
			children = (
				70D277DA21BCF87B007FEA63 /* MBProgressHUD */,
			);
			path = Vender;
			sourceTree = "<group>";
		};
		70D277DA21BCF87B007FEA63 /* MBProgressHUD */ = {
			isa = PBXGroup;
			children = (
				70D277DD21BCF87B007FEA63 /* MBProgressHUD.h */,
				70D277DB21BCF87B007FEA63 /* MBProgressHUD.m */,
				70D277E221BCF88A007FEA63 /* MBProgressHUD+MJ.h */,
				70D277E321BCF88A007FEA63 /* MBProgressHUD+MJ.m */,
				70D277DC21BCF87B007FEA63 /* LICENSE */,
				70D277DE21BCF87B007FEA63 /* README.mdown */,
			);
			path = MBProgressHUD;
			sourceTree = "<group>";
		};
		F5BCF343CFAB0749216AB255 /* Frameworks */ = {
			isa = PBXGroup;
			children = (
				70AFE09D21CFBBF0000585D0 /* Security.framework */,
				70AFE09B21CFBBE6000585D0 /* libiconv.tbd */,
				70AFE09921CFBBD9000585D0 /* SystemConfiguration.framework */,
				70AFE09721CFBBCA000585D0 /* CoreGraphics.framework */,
				70AFE09521CFBBBE000585D0 /* libsqlite3.tbd */,
				70AFE09321CFBBB1000585D0 /* CoreTelephony.framework */,
				70AFE09121CFBB80000585D0 /* libz.tbd */,
				70AFE08F21CFBB76000585D0 /* libc++.tbd */,
				70AFE08D21CFBB65000585D0 /* QuartzCore.framework */,
				70AFE08B21CFBB5A000585D0 /* ImageIO.framework */,
				70AFE08921CFBB50000585D0 /* CoreText.framework */,
				54F2597ADBF8F4BC4200A0B9 /* libPods-MicroInsight.a */,
			);
			name = Frameworks;
			sourceTree = "<group>";
		};
/* End PBXGroup section */

/* Begin PBXNativeTarget section */
		70710C5820F476A300052929 /* MicroInsight */ = {
			isa = PBXNativeTarget;
			buildConfigurationList = 70710C8520F476A500052929 /* Build configuration list for PBXNativeTarget "MicroInsight" */;
			buildPhases = (
				0BEB9802F95D0FC744539885 /* [CP] Check Pods Manifest.lock */,
				70710C5520F476A300052929 /* Sources */,
				70710C5620F476A300052929 /* Frameworks */,
				70710C5720F476A300052929 /* Resources */,
				BBF418F49785ADF150B7774B /* [CP] Copy Pods Resources */,
			);
			buildRules = (
			);
			dependencies = (
			);
			name = MicroInsight;
			productName = MicroInsight;
			productReference = 70710C5920F476A300052929 /* MicroInsight.app */;
			productType = "com.apple.product-type.application";
		};
		70710C7020F476A500052929 /* MicroInsightTests */ = {
			isa = PBXNativeTarget;
			buildConfigurationList = 70710C8820F476A500052929 /* Build configuration list for PBXNativeTarget "MicroInsightTests" */;
			buildPhases = (
				70710C6D20F476A500052929 /* Sources */,
				70710C6E20F476A500052929 /* Frameworks */,
				70710C6F20F476A500052929 /* Resources */,
			);
			buildRules = (
			);
			dependencies = (
				70710C7320F476A500052929 /* PBXTargetDependency */,
			);
			name = MicroInsightTests;
			productName = MicroInsightTests;
			productReference = 70710C7120F476A500052929 /* MicroInsightTests.xctest */;
			productType = "com.apple.product-type.bundle.unit-test";
		};
		70710C7B20F476A500052929 /* MicroInsightUITests */ = {
			isa = PBXNativeTarget;
			buildConfigurationList = 70710C8B20F476A500052929 /* Build configuration list for PBXNativeTarget "MicroInsightUITests" */;
			buildPhases = (
				70710C7820F476A500052929 /* Sources */,
				70710C7920F476A500052929 /* Frameworks */,
				70710C7A20F476A500052929 /* Resources */,
			);
			buildRules = (
			);
			dependencies = (
				70710C7E20F476A500052929 /* PBXTargetDependency */,
			);
			name = MicroInsightUITests;
			productName = MicroInsightUITests;
			productReference = 70710C7C20F476A500052929 /* MicroInsightUITests.xctest */;
			productType = "com.apple.product-type.bundle.ui-testing";
		};
/* End PBXNativeTarget section */

/* Begin PBXProject section */
		70710C5120F476A300052929 /* Project object */ = {
			isa = PBXProject;
			attributes = {
				CLASSPREFIX = MI;
				LastUpgradeCheck = 0940;
				ORGANIZATIONNAME = "舒雄威";
				TargetAttributes = {
					70710C5820F476A300052929 = {
						CreatedOnToolsVersion = 9.4.1;
					};
					70710C7020F476A500052929 = {
						CreatedOnToolsVersion = 9.4.1;
						TestTargetID = 70710C5820F476A300052929;
					};
					70710C7B20F476A500052929 = {
						CreatedOnToolsVersion = 9.4.1;
						TestTargetID = 70710C5820F476A300052929;
					};
				};
			};
			buildConfigurationList = 70710C5420F476A300052929 /* Build configuration list for PBXProject "MicroInsight" */;
			compatibilityVersion = "Xcode 9.3";
			developmentRegion = en;
			hasScannedForEncodings = 0;
			knownRegions = (
				en,
				Base,
			);
			mainGroup = 70710C5020F476A300052929;
			productRefGroup = 70710C5A20F476A300052929 /* Products */;
			projectDirPath = "";
			projectRoot = "";
			targets = (
				70710C5820F476A300052929 /* MicroInsight */,
				70710C7020F476A500052929 /* MicroInsightTests */,
				70710C7B20F476A500052929 /* MicroInsightUITests */,
			);
		};
/* End PBXProject section */

/* Begin PBXResourcesBuildPhase section */
		70710C5720F476A300052929 /* Resources */ = {
			isa = PBXResourcesBuildPhase;
			buildActionMask = 2147483647;
			files = (
				090240A121969F6E0003D686 /* MyAlbum.storyboard in Resources */,
				70AFE0B921CFBD45000585D0 /* WeiboSDK.bundle in Resources */,
				70AFE07721CD29FD000585D0 /* MIMineEditViewController.xib in Resources */,
				7010352421D5111E008DBF3C /* img_community_0.jpg in Resources */,
				70AFE07221CD1AC7000585D0 /* MIMineViewController.xib in Resources */,
				7010352321D5111E008DBF3C /* img_community_2.jpg in Resources */,
				7010352021D5111E008DBF3C /* img_community_3.jpg in Resources */,
				7010352121D5111E008DBF3C /* img_community_1.jpg in Resources */,
				0902409D21969F4C0003D686 /* Community.storyboard in Resources */,
				70AFE08221CDC0DA000585D0 /* MIDatePickerView.xib in Resources */,
				70D277E021BCF87B007FEA63 /* LICENSE in Resources */,
				70B509ED21B754B300BBB2A9 /* MIDetailViewController.xib in Resources */,
				70AFE0BB21CFBD45000585D0 /* TencentOpenApi_IOS_Bundle.bundle in Resources */,
				70B509F221B7593500BBB2A9 /* MICommentCell.xib in Resources */,
				707A5BD2212EAA90002D61BC /* font.ttf in Resources */,
				70710C6920F476A400052929 /* LaunchScreen.storyboard in Resources */,
				70AFE0B721CFBD45000585D0 /* README.txt in Resources */,
				0902409F21969F600003D686 /* Photography.storyboard in Resources */,
				70710C6620F476A400052929 /* Assets.xcassets in Resources */,
				70D277E121BCF87B007FEA63 /* README.mdown in Resources */,
				7010352221D5111E008DBF3C /* img_community_4.jpg in Resources */,
				3B830AE521AC084B00EC7746 /* Main.storyboard in Resources */,
				70A80994212D7744003ED7D2 /* MIFactorSlider.xib in Resources */,
				090240A3219726420003D686 /* Login.storyboard in Resources */,
				70CC791021B6C55300C657FA /* MICommunityCell.xib in Resources */,
			);
			runOnlyForDeploymentPostprocessing = 0;
		};
		70710C6F20F476A500052929 /* Resources */ = {
			isa = PBXResourcesBuildPhase;
			buildActionMask = 2147483647;
			files = (
			);
			runOnlyForDeploymentPostprocessing = 0;
		};
		70710C7A20F476A500052929 /* Resources */ = {
			isa = PBXResourcesBuildPhase;
			buildActionMask = 2147483647;
			files = (
			);
			runOnlyForDeploymentPostprocessing = 0;
		};
/* End PBXResourcesBuildPhase section */

/* Begin PBXShellScriptBuildPhase section */
		0BEB9802F95D0FC744539885 /* [CP] Check Pods Manifest.lock */ = {
			isa = PBXShellScriptBuildPhase;
			buildActionMask = 2147483647;
			files = (
			);
			inputPaths = (
				"${PODS_PODFILE_DIR_PATH}/Podfile.lock",
				"${PODS_ROOT}/Manifest.lock",
			);
			name = "[CP] Check Pods Manifest.lock";
			outputPaths = (
				"$(DERIVED_FILE_DIR)/Pods-MicroInsight-checkManifestLockResult.txt",
			);
			runOnlyForDeploymentPostprocessing = 0;
			shellPath = /bin/sh;
			shellScript = "diff \"${PODS_PODFILE_DIR_PATH}/Podfile.lock\" \"${PODS_ROOT}/Manifest.lock\" > /dev/null\nif [ $? != 0 ] ; then\n    # print error to STDERR\n    echo \"error: The sandbox is not in sync with the Podfile.lock. Run 'pod install' or update your CocoaPods installation.\" >&2\n    exit 1\nfi\n# This output is used by Xcode 'outputs' to avoid re-running this script phase.\necho \"SUCCESS\" > \"${SCRIPT_OUTPUT_FILE_0}\"\n";
			showEnvVarsInLog = 0;
		};
		BBF418F49785ADF150B7774B /* [CP] Copy Pods Resources */ = {
			isa = PBXShellScriptBuildPhase;
			buildActionMask = 2147483647;
			files = (
			);
			inputPaths = (
				"${SRCROOT}/Pods/Target Support Files/Pods-MicroInsight/Pods-MicroInsight-resources.sh",
				"${PODS_ROOT}/MJRefresh/MJRefresh/MJRefresh.bundle",
				"${PODS_ROOT}/SVProgressHUD/SVProgressHUD/SVProgressHUD.bundle",
				"${PODS_ROOT}/SuperPlayer/SuperPlayer/Resource/SuperPlayer.bundle",
			);
			name = "[CP] Copy Pods Resources";
			outputPaths = (
				"${TARGET_BUILD_DIR}/${UNLOCALIZED_RESOURCES_FOLDER_PATH}/MJRefresh.bundle",
				"${TARGET_BUILD_DIR}/${UNLOCALIZED_RESOURCES_FOLDER_PATH}/SVProgressHUD.bundle",
				"${TARGET_BUILD_DIR}/${UNLOCALIZED_RESOURCES_FOLDER_PATH}/SuperPlayer.bundle",
			);
			runOnlyForDeploymentPostprocessing = 0;
			shellPath = /bin/sh;
			shellScript = "\"${SRCROOT}/Pods/Target Support Files/Pods-MicroInsight/Pods-MicroInsight-resources.sh\"\n";
			showEnvVarsInLog = 0;
		};
/* End PBXShellScriptBuildPhase section */

/* Begin PBXSourcesBuildPhase section */
		70710C5520F476A300052929 /* Sources */ = {
			isa = PBXSourcesBuildPhase;
			buildActionMask = 2147483647;
			files = (
				3B7464D021B90996007F3820 /* MITheme.m in Sources */,
				3B5FDB8921A2A38500DDCD1E /* MILoginViewController.m in Sources */,
				3B7464CF21B901F1007F3820 /* MIUploadVidoInfo.m in Sources */,
				3B6D661C21AE3AA8005CAE9A /* MINetworkConstant.m in Sources */,
				3B6D661B21AE3AA8005CAE9A /* MIHTTPSessionManager.m in Sources */,
				70710C6120F476A300052929 /* MIPhotographyViewController.m in Sources */,
				70710CB020F4917E00052929 /* MIHorizontalPickerView.m in Sources */,
				70D277DF21BCF87B007FEA63 /* MBProgressHUD.m in Sources */,
				70294783212D5F8A00B3732A /* MIReviewImageViewController.m in Sources */,
				7010352721D51196008DBF3C /* UICustomCarouselView.m in Sources */,
				70E5A37821D8ADBE00DB99CC /* QSTilePreviewView.m in Sources */,
				70710CAE20F4917E00052929 /* MIHorizontalPickerViewCell.m in Sources */,
				3B76AE2F21B8C4F50021F9E9 /* MIDataConvertion.m in Sources */,
				70294789212D63BC00B3732A /* MIReviewVideoViewController.m in Sources */,
				70AFE08821CDC113000585D0 /* UIView+Extension.m in Sources */,
				70AFE07C21CDBD04000585D0 /* MIUserInfoModel.m in Sources */,
				707A5BD0212EAA02002D61BC /* UIFont+Extension.m in Sources */,
				70B509EC21B754B300BBB2A9 /* MIDetailViewController.m in Sources */,
				09BC50B921B56246006B4277 /* MIModelMapper.m in Sources */,
				3B7973F221A3EB5C0087EE48 /* MIMyAlbumViewController.m in Sources */,
				707A5BC9212E390E002D61BC /* UIButton+Extension.m in Sources */,
				70294780212D5E6700B3732A /* MIReviewImageCell.m in Sources */,
				3B9C19A121BE716600E5B544 /* MICommunityRequest.m in Sources */,
				70710CAF20F4917E00052929 /* MIHorizontalPickerViewCellItem.m in Sources */,
				70C4319221B620FC001D56C4 /* MICommunityListModel.m in Sources */,
				70A80996212D7744003ED7D2 /* MIFactorSlider.m in Sources */,
				70C4318B21B604C4001D56C4 /* MIHomeViewController.m in Sources */,
				70B50A0A21B7E7D900BBB2A9 /* MICommunityCollectionLayout.m in Sources */,
				702641AE20F6F15100B21AFC /* MIUIFactory.m in Sources */,
				3B5FDB9021A2C58700DDCD1E /* MICommunityCell.m in Sources */,
				3B6D662221AEBB1F005CAE9A /* MIAlbum.m in Sources */,
				09BC50C121B65429006B4277 /* NSString+MITextSize.m in Sources */,
				70A80995212D7744003ED7D2 /* OMSliderBar.m in Sources */,
				700F01C621B5447700D0D3EA /* MIRequestManager.m in Sources */,
				702641AF20F6F15100B21AFC /* MIToastAlertView.m in Sources */,
				3B6D661D21AE3AA8005CAE9A /* MIBaseRequest.m in Sources */,
				70294787212D626D00B3732A /* MIBaseViewController.m in Sources */,
				09BC50BE21B57823006B4277 /* UICollectionViewLeftAlignedLayout.m in Sources */,
				706A6E1D20F6F9180097C577 /* UIView+CCAdditions.m in Sources */,
				09BC50B621B561A2006B4277 /* MIAlbumRequest.m in Sources */,
				7096B560213784CF003B1D3F /* MICameraFunctionView.m in Sources */,
				70AFE0BF21CFBE06000585D0 /* MIThirdPartyLoginManager.m in Sources */,
				706A6E2420F6FB530097C577 /* MICameraView.m in Sources */,
				70B509F121B7593500BBB2A9 /* MICommentCell.m in Sources */,
				09BC50C721BE9BB3006B4277 /* MICommunityVideoInfo.m in Sources */,
				70710C6C20F476A400052929 /* main.m in Sources */,
				700F01C921B5496400D0D3EA /* MILocalData.m in Sources */,
				3BB45A7A21C118E700196914 /* MIPlayerViewController.m in Sources */,
				3B6D661E21AE3AA8005CAE9A /* MIHTTPResponseSerializer.m in Sources */,
				700A64F721D22071003F0430 /* MIPlayer.m in Sources */,
				70AFE07621CD29FD000585D0 /* MIMineEditViewController.m in Sources */,
				70C4318E21B61044001D56C4 /* MIAlertView.m in Sources */,
				3B7973F921A415540087EE48 /* MIAlbumCell.m in Sources */,
				70B50A0D21B7FFA600BBB2A9 /* MIBaseModel.m in Sources */,
				70D277E421BCF88A007FEA63 /* MBProgressHUD+MJ.m in Sources */,
				70710C5E20F476A300052929 /* AppDelegate.m in Sources */,
				700A64F521D22071003F0430 /* MISlider.m in Sources */,
				702641AD20F6F15100B21AFC /* MIHelpTool.m in Sources */,
				706A6E2120F6FA7A0097C577 /* MIVideoPreview.m in Sources */,
				3B7973F521A3EE510087EE48 /* MIUploadViewController.m in Sources */,
				3B19C3FB21A504F4001027E9 /* MIThemeCell.m in Sources */,
				70AFE08121CDC0DA000585D0 /* MIDatePickerView.m in Sources */,
				700A64F621D22071003F0430 /* MIControlView.m in Sources */,
				70AFE08521CDC0FB000585D0 /* NSDate+Extension.m in Sources */,
				70AFE07121CD1AC7000585D0 /* MIMineViewController.m in Sources */,
				3B5FDB8C21A2C4BB00DDCD1E /* MICommunityViewController.m in Sources */,
				706A6E1920F6F7390097C577 /* MIMotionManager.m in Sources */,
			);
			runOnlyForDeploymentPostprocessing = 0;
		};
		70710C6D20F476A500052929 /* Sources */ = {
			isa = PBXSourcesBuildPhase;
			buildActionMask = 2147483647;
			files = (
				70710C7620F476A500052929 /* MicroInsightTests.m in Sources */,
			);
			runOnlyForDeploymentPostprocessing = 0;
		};
		70710C7820F476A500052929 /* Sources */ = {
			isa = PBXSourcesBuildPhase;
			buildActionMask = 2147483647;
			files = (
				70710C8120F476A500052929 /* MicroInsightUITests.m in Sources */,
			);
			runOnlyForDeploymentPostprocessing = 0;
		};
/* End PBXSourcesBuildPhase section */

/* Begin PBXTargetDependency section */
		70710C7320F476A500052929 /* PBXTargetDependency */ = {
			isa = PBXTargetDependency;
			target = 70710C5820F476A300052929 /* MicroInsight */;
			targetProxy = 70710C7220F476A500052929 /* PBXContainerItemProxy */;
		};
		70710C7E20F476A500052929 /* PBXTargetDependency */ = {
			isa = PBXTargetDependency;
			target = 70710C5820F476A300052929 /* MicroInsight */;
			targetProxy = 70710C7D20F476A500052929 /* PBXContainerItemProxy */;
		};
/* End PBXTargetDependency section */

/* Begin PBXVariantGroup section */
		70710C6720F476A400052929 /* LaunchScreen.storyboard */ = {
			isa = PBXVariantGroup;
			children = (
				70710C6820F476A400052929 /* Base */,
			);
			name = LaunchScreen.storyboard;
			sourceTree = "<group>";
		};
/* End PBXVariantGroup section */

/* Begin XCBuildConfiguration section */
		70710C8320F476A500052929 /* Debug */ = {
			isa = XCBuildConfiguration;
			buildSettings = {
				ALWAYS_SEARCH_USER_PATHS = NO;
				CLANG_ANALYZER_NONNULL = YES;
				CLANG_ANALYZER_NUMBER_OBJECT_CONVERSION = YES_AGGRESSIVE;
				CLANG_CXX_LANGUAGE_STANDARD = "gnu++14";
				CLANG_CXX_LIBRARY = "libc++";
				CLANG_ENABLE_MODULES = YES;
				CLANG_ENABLE_OBJC_ARC = YES;
				CLANG_ENABLE_OBJC_WEAK = YES;
				CLANG_WARN_BLOCK_CAPTURE_AUTORELEASING = YES;
				CLANG_WARN_BOOL_CONVERSION = YES;
				CLANG_WARN_COMMA = YES;
				CLANG_WARN_CONSTANT_CONVERSION = YES;
				CLANG_WARN_DEPRECATED_OBJC_IMPLEMENTATIONS = YES;
				CLANG_WARN_DIRECT_OBJC_ISA_USAGE = YES_ERROR;
				CLANG_WARN_DOCUMENTATION_COMMENTS = YES;
				CLANG_WARN_EMPTY_BODY = YES;
				CLANG_WARN_ENUM_CONVERSION = YES;
				CLANG_WARN_INFINITE_RECURSION = YES;
				CLANG_WARN_INT_CONVERSION = YES;
				CLANG_WARN_NON_LITERAL_NULL_CONVERSION = YES;
				CLANG_WARN_OBJC_IMPLICIT_RETAIN_SELF = YES;
				CLANG_WARN_OBJC_LITERAL_CONVERSION = YES;
				CLANG_WARN_OBJC_ROOT_CLASS = YES_ERROR;
				CLANG_WARN_RANGE_LOOP_ANALYSIS = YES;
				CLANG_WARN_STRICT_PROTOTYPES = YES;
				CLANG_WARN_SUSPICIOUS_MOVE = YES;
				CLANG_WARN_UNGUARDED_AVAILABILITY = YES_AGGRESSIVE;
				CLANG_WARN_UNREACHABLE_CODE = YES;
				CLANG_WARN__DUPLICATE_METHOD_MATCH = YES;
				CODE_SIGN_IDENTITY = "iPhone Developer";
				COPY_PHASE_STRIP = NO;
				DEBUG_INFORMATION_FORMAT = dwarf;
				ENABLE_STRICT_OBJC_MSGSEND = YES;
				ENABLE_TESTABILITY = YES;
				GCC_C_LANGUAGE_STANDARD = gnu11;
				GCC_DYNAMIC_NO_PIC = NO;
				GCC_NO_COMMON_BLOCKS = YES;
				GCC_OPTIMIZATION_LEVEL = 0;
				GCC_PREPROCESSOR_DEFINITIONS = (
					"DEBUG=1",
					"$(inherited)",
				);
				GCC_WARN_64_TO_32_BIT_CONVERSION = YES;
				GCC_WARN_ABOUT_RETURN_TYPE = YES_ERROR;
				GCC_WARN_UNDECLARED_SELECTOR = YES;
				GCC_WARN_UNINITIALIZED_AUTOS = YES_AGGRESSIVE;
				GCC_WARN_UNUSED_FUNCTION = YES;
				GCC_WARN_UNUSED_VARIABLE = YES;
				IPHONEOS_DEPLOYMENT_TARGET = 11.4;
				MTL_ENABLE_DEBUG_INFO = YES;
				ONLY_ACTIVE_ARCH = YES;
				SDKROOT = iphoneos;
			};
			name = Debug;
		};
		70710C8420F476A500052929 /* Release */ = {
			isa = XCBuildConfiguration;
			buildSettings = {
				ALWAYS_SEARCH_USER_PATHS = NO;
				CLANG_ANALYZER_NONNULL = YES;
				CLANG_ANALYZER_NUMBER_OBJECT_CONVERSION = YES_AGGRESSIVE;
				CLANG_CXX_LANGUAGE_STANDARD = "gnu++14";
				CLANG_CXX_LIBRARY = "libc++";
				CLANG_ENABLE_MODULES = YES;
				CLANG_ENABLE_OBJC_ARC = YES;
				CLANG_ENABLE_OBJC_WEAK = YES;
				CLANG_WARN_BLOCK_CAPTURE_AUTORELEASING = YES;
				CLANG_WARN_BOOL_CONVERSION = YES;
				CLANG_WARN_COMMA = YES;
				CLANG_WARN_CONSTANT_CONVERSION = YES;
				CLANG_WARN_DEPRECATED_OBJC_IMPLEMENTATIONS = YES;
				CLANG_WARN_DIRECT_OBJC_ISA_USAGE = YES_ERROR;
				CLANG_WARN_DOCUMENTATION_COMMENTS = YES;
				CLANG_WARN_EMPTY_BODY = YES;
				CLANG_WARN_ENUM_CONVERSION = YES;
				CLANG_WARN_INFINITE_RECURSION = YES;
				CLANG_WARN_INT_CONVERSION = YES;
				CLANG_WARN_NON_LITERAL_NULL_CONVERSION = YES;
				CLANG_WARN_OBJC_IMPLICIT_RETAIN_SELF = YES;
				CLANG_WARN_OBJC_LITERAL_CONVERSION = YES;
				CLANG_WARN_OBJC_ROOT_CLASS = YES_ERROR;
				CLANG_WARN_RANGE_LOOP_ANALYSIS = YES;
				CLANG_WARN_STRICT_PROTOTYPES = YES;
				CLANG_WARN_SUSPICIOUS_MOVE = YES;
				CLANG_WARN_UNGUARDED_AVAILABILITY = YES_AGGRESSIVE;
				CLANG_WARN_UNREACHABLE_CODE = YES;
				CLANG_WARN__DUPLICATE_METHOD_MATCH = YES;
				CODE_SIGN_IDENTITY = "iPhone Developer";
				COPY_PHASE_STRIP = NO;
				DEBUG_INFORMATION_FORMAT = "dwarf-with-dsym";
				ENABLE_NS_ASSERTIONS = NO;
				ENABLE_STRICT_OBJC_MSGSEND = YES;
				GCC_C_LANGUAGE_STANDARD = gnu11;
				GCC_NO_COMMON_BLOCKS = YES;
				GCC_WARN_64_TO_32_BIT_CONVERSION = YES;
				GCC_WARN_ABOUT_RETURN_TYPE = YES_ERROR;
				GCC_WARN_UNDECLARED_SELECTOR = YES;
				GCC_WARN_UNINITIALIZED_AUTOS = YES_AGGRESSIVE;
				GCC_WARN_UNUSED_FUNCTION = YES;
				GCC_WARN_UNUSED_VARIABLE = YES;
				IPHONEOS_DEPLOYMENT_TARGET = 11.4;
				MTL_ENABLE_DEBUG_INFO = NO;
				SDKROOT = iphoneos;
				VALIDATE_PRODUCT = YES;
			};
			name = Release;
		};
		70710C8620F476A500052929 /* Debug */ = {
			isa = XCBuildConfiguration;
			baseConfigurationReference = 569EC9E96DF1B12DA9274E3A /* Pods-MicroInsight.debug.xcconfig */;
			buildSettings = {
				ASSETCATALOG_COMPILER_APPICON_NAME = AppIcon;
				CODE_SIGN_IDENTITY = "iPhone Developer";
				CODE_SIGN_STYLE = Automatic;
				DEVELOPMENT_TEAM = 4K3S4Y778M;
				ENABLE_BITCODE = NO;
				FRAMEWORK_SEARCH_PATHS = (
					"$(inherited)",
					"$(PROJECT_DIR)/MicroInsight/Login/Lib/Tencent3.1.0",
				);
				GCC_PREFIX_HEADER = "$(SRCROOT)/MicroInsight/MicroInsight.pch";
				INFOPLIST_FILE = MicroInsight/Info.plist;
				IPHONEOS_DEPLOYMENT_TARGET = 8.0;
				LD_RUNPATH_SEARCH_PATHS = (
					"$(inherited)",
					"@executable_path/Frameworks",
				);
				LIBRARY_SEARCH_PATHS = (
					"$(inherited)",
					"$(PROJECT_DIR)/MicroInsight/Login/Lib/WeChatSDK_1.7.1",
					"$(PROJECT_DIR)/MicroInsight/Login/Lib/libWeiboSDK",
				);
				PRODUCT_BUNDLE_IDENTIFIER = com.sxw.t;
				PRODUCT_NAME = "$(TARGET_NAME)";
				PROVISIONING_PROFILE = "";
				PROVISIONING_PROFILE_SPECIFIER = "";
				TARGETED_DEVICE_FAMILY = 1;
			};
			name = Debug;
		};
		70710C8720F476A500052929 /* Release */ = {
			isa = XCBuildConfiguration;
			baseConfigurationReference = D6210C935518D5CD3C8D161A /* Pods-MicroInsight.release.xcconfig */;
			buildSettings = {
				ASSETCATALOG_COMPILER_APPICON_NAME = AppIcon;
				CODE_SIGN_IDENTITY = "iPhone Developer";
				CODE_SIGN_STYLE = Automatic;
				DEVELOPMENT_TEAM = 4K3S4Y778M;
				ENABLE_BITCODE = NO;
				FRAMEWORK_SEARCH_PATHS = (
					"$(inherited)",
					"$(PROJECT_DIR)/MicroInsight/Login/Lib/Tencent3.1.0",
				);
				GCC_PREFIX_HEADER = "$(SRCROOT)/MicroInsight/MicroInsight.pch";
				INFOPLIST_FILE = MicroInsight/Info.plist;
				IPHONEOS_DEPLOYMENT_TARGET = 8.0;
				LD_RUNPATH_SEARCH_PATHS = (
					"$(inherited)",
					"@executable_path/Frameworks",
				);
				LIBRARY_SEARCH_PATHS = (
					"$(inherited)",
					"$(PROJECT_DIR)/MicroInsight/Login/Lib/WeChatSDK_1.7.1",
					"$(PROJECT_DIR)/MicroInsight/Login/Lib/libWeiboSDK",
				);
				PRODUCT_BUNDLE_IDENTIFIER = com.sxw.t;
				PRODUCT_NAME = "$(TARGET_NAME)";
				PROVISIONING_PROFILE = "";
				PROVISIONING_PROFILE_SPECIFIER = "";
				TARGETED_DEVICE_FAMILY = 1;
			};
			name = Release;
		};
		70710C8920F476A500052929 /* Debug */ = {
			isa = XCBuildConfiguration;
			buildSettings = {
				BUNDLE_LOADER = "$(TEST_HOST)";
				CODE_SIGN_STYLE = Automatic;
				DEVELOPMENT_TEAM = 2WHXP7FN9G;
				INFOPLIST_FILE = MicroInsightTests/Info.plist;
				LD_RUNPATH_SEARCH_PATHS = (
					"$(inherited)",
					"@executable_path/Frameworks",
					"@loader_path/Frameworks",
				);
				PRODUCT_BUNDLE_IDENTIFIER = sxw.MicroInsightTests;
				PRODUCT_NAME = "$(TARGET_NAME)";
				TARGETED_DEVICE_FAMILY = "1,2";
				TEST_HOST = "$(BUILT_PRODUCTS_DIR)/MicroInsight.app/MicroInsight";
			};
			name = Debug;
		};
		70710C8A20F476A500052929 /* Release */ = {
			isa = XCBuildConfiguration;
			buildSettings = {
				BUNDLE_LOADER = "$(TEST_HOST)";
				CODE_SIGN_STYLE = Automatic;
				DEVELOPMENT_TEAM = 2WHXP7FN9G;
				INFOPLIST_FILE = MicroInsightTests/Info.plist;
				LD_RUNPATH_SEARCH_PATHS = (
					"$(inherited)",
					"@executable_path/Frameworks",
					"@loader_path/Frameworks",
				);
				PRODUCT_BUNDLE_IDENTIFIER = sxw.MicroInsightTests;
				PRODUCT_NAME = "$(TARGET_NAME)";
				TARGETED_DEVICE_FAMILY = "1,2";
				TEST_HOST = "$(BUILT_PRODUCTS_DIR)/MicroInsight.app/MicroInsight";
			};
			name = Release;
		};
		70710C8C20F476A500052929 /* Debug */ = {
			isa = XCBuildConfiguration;
			buildSettings = {
				CODE_SIGN_STYLE = Automatic;
				DEVELOPMENT_TEAM = 2WHXP7FN9G;
				INFOPLIST_FILE = MicroInsightUITests/Info.plist;
				LD_RUNPATH_SEARCH_PATHS = (
					"$(inherited)",
					"@executable_path/Frameworks",
					"@loader_path/Frameworks",
				);
				PRODUCT_BUNDLE_IDENTIFIER = sxw.MicroInsightUITests;
				PRODUCT_NAME = "$(TARGET_NAME)";
				TARGETED_DEVICE_FAMILY = "1,2";
				TEST_TARGET_NAME = MicroInsight;
			};
			name = Debug;
		};
		70710C8D20F476A500052929 /* Release */ = {
			isa = XCBuildConfiguration;
			buildSettings = {
				CODE_SIGN_STYLE = Automatic;
				DEVELOPMENT_TEAM = 2WHXP7FN9G;
				INFOPLIST_FILE = MicroInsightUITests/Info.plist;
				LD_RUNPATH_SEARCH_PATHS = (
					"$(inherited)",
					"@executable_path/Frameworks",
					"@loader_path/Frameworks",
				);
				PRODUCT_BUNDLE_IDENTIFIER = sxw.MicroInsightUITests;
				PRODUCT_NAME = "$(TARGET_NAME)";
				TARGETED_DEVICE_FAMILY = "1,2";
				TEST_TARGET_NAME = MicroInsight;
			};
			name = Release;
		};
/* End XCBuildConfiguration section */

/* Begin XCConfigurationList section */
		70710C5420F476A300052929 /* Build configuration list for PBXProject "MicroInsight" */ = {
			isa = XCConfigurationList;
			buildConfigurations = (
				70710C8320F476A500052929 /* Debug */,
				70710C8420F476A500052929 /* Release */,
			);
			defaultConfigurationIsVisible = 0;
			defaultConfigurationName = Release;
		};
		70710C8520F476A500052929 /* Build configuration list for PBXNativeTarget "MicroInsight" */ = {
			isa = XCConfigurationList;
			buildConfigurations = (
				70710C8620F476A500052929 /* Debug */,
				70710C8720F476A500052929 /* Release */,
			);
			defaultConfigurationIsVisible = 0;
			defaultConfigurationName = Release;
		};
		70710C8820F476A500052929 /* Build configuration list for PBXNativeTarget "MicroInsightTests" */ = {
			isa = XCConfigurationList;
			buildConfigurations = (
				70710C8920F476A500052929 /* Debug */,
				70710C8A20F476A500052929 /* Release */,
			);
			defaultConfigurationIsVisible = 0;
			defaultConfigurationName = Release;
		};
		70710C8B20F476A500052929 /* Build configuration list for PBXNativeTarget "MicroInsightUITests" */ = {
			isa = XCConfigurationList;
			buildConfigurations = (
				70710C8C20F476A500052929 /* Debug */,
				70710C8D20F476A500052929 /* Release */,
			);
			defaultConfigurationIsVisible = 0;
			defaultConfigurationName = Release;
		};
/* End XCConfigurationList section */
	};
	rootObject = 70710C5120F476A300052929 /* Project object */;
}
